// !$*UTF8*$!
{
	archiveVersion = 1;
	classes = {
	};
	objectVersion = 46;
	objects = {

/* Begin PBXBuildFile section */
		1D1498461F1BCFEA00906749 /* AZObservableObject.m in Sources */ = {isa = PBXBuildFile; fileRef = 1D1498451F1BCFEA00906749 /* AZObservableObject.m */; };
		1D14984C1F1BD0B100906749 /* AZAssignReference.m in Sources */ = {isa = PBXBuildFile; fileRef = 1D1498491F1BD0B100906749 /* AZAssignReference.m */; };
		1D14984D1F1BD0B100906749 /* AZAssignRererenceWithSelector.m in Sources */ = {isa = PBXBuildFile; fileRef = 1D14984B1F1BD0B100906749 /* AZAssignRererenceWithSelector.m */; };
		1D1498541F1BD31800906749 /* AZImageModel.m in Sources */ = {isa = PBXBuildFile; fileRef = 1D1498531F1BD31800906749 /* AZImageModel.m */; };
		1D55A19A1F1D49F200507424 /* AZImageModelDispatcher.m in Sources */ = {isa = PBXBuildFile; fileRef = 1D55A1991F1D49F200507424 /* AZImageModelDispatcher.m */; };
		1D583CF61F100F07001B8732 /* AZSquareView.m in Sources */ = {isa = PBXBuildFile; fileRef = 1D583CEE1F100F07001B8732 /* AZSquareView.m */; };
		1D583CF71F100F07001B8732 /* AZSquareViewController.m in Sources */ = {isa = PBXBuildFile; fileRef = 1D583CF01F100F07001B8732 /* AZSquareViewController.m */; };
		1D583CF81F100F07001B8732 /* AZSquareViewController.xib in Resources */ = {isa = PBXBuildFile; fileRef = 1D583CF11F100F07001B8732 /* AZSquareViewController.xib */; };
		1D5B4A631F05B0D700E14BEA /* main.m in Sources */ = {isa = PBXBuildFile; fileRef = 1D5B4A611F05B0D700E14BEA /* main.m */; };
		1D5B4A6A1F05B0E200E14BEA /* Assets.xcassets in Resources */ = {isa = PBXBuildFile; fileRef = 1D5B4A651F05B0E200E14BEA /* Assets.xcassets */; };
		1D5B4A6B1F05B0E200E14BEA /* LaunchScreen.storyboard in Resources */ = {isa = PBXBuildFile; fileRef = 1D5B4A661F05B0E200E14BEA /* LaunchScreen.storyboard */; };
		1D5B4A6C1F05B0E200E14BEA /* Main.storyboard in Resources */ = {isa = PBXBuildFile; fileRef = 1D5B4A681F05B0E200E14BEA /* Main.storyboard */; };
		1D5D49AC1F1B8860003AEA36 /* UINib+AZExtension.m in Sources */ = {isa = PBXBuildFile; fileRef = 1D5D49AB1F1B8860003AEA36 /* UINib+AZExtension.m */; };
		1D5D49B31F1BA001003AEA36 /* Image.jpg in Resources */ = {isa = PBXBuildFile; fileRef = 1D5D49B21F1BA001003AEA36 /* Image.jpg */; };
		1D6356A61F156C7A00EFDA40 /* AZUsersViewController.m in Sources */ = {isa = PBXBuildFile; fileRef = 1D6356A41F156C7A00EFDA40 /* AZUsersViewController.m */; };
		1D6356A71F156C7A00EFDA40 /* AZUsersViewController.xib in Resources */ = {isa = PBXBuildFile; fileRef = 1D6356A51F156C7A00EFDA40 /* AZUsersViewController.xib */; };
		1D6356AA1F156D6D00EFDA40 /* AZUsersView.m in Sources */ = {isa = PBXBuildFile; fileRef = 1D6356A91F156D6D00EFDA40 /* AZUsersView.m */; };
		1D6356B11F1572CB00EFDA40 /* AZUserCell.m in Sources */ = {isa = PBXBuildFile; fileRef = 1D6356AF1F1572CB00EFDA40 /* AZUserCell.m */; };
		1D6356B21F1572CB00EFDA40 /* AZUserCell.xib in Resources */ = {isa = PBXBuildFile; fileRef = 1D6356B01F1572CB00EFDA40 /* AZUserCell.xib */; };
		1D77AF4C1F1423F90069E27F /* AZRandomNumber.m in Sources */ = {isa = PBXBuildFile; fileRef = 1D77AF4B1F1423F90069E27F /* AZRandomNumber.m */; };
		1D77AF511F142BF70069E27F /* AZRange.m in Sources */ = {isa = PBXBuildFile; fileRef = 1D77AF501F142BF70069E27F /* AZRange.m */; };
		1D8307091F0C30A200409B09 /* AZAppDelegate.m in Sources */ = {isa = PBXBuildFile; fileRef = 1D8307081F0C30A200409B09 /* AZAppDelegate.m */; };
		1D96AC8D1F19385400294A68 /* AZUser.m in Sources */ = {isa = PBXBuildFile; fileRef = 1D96AC8C1F19385400294A68 /* AZUser.m */; };
		1D96AC941F193C3600294A68 /* AZTableViewCell.m in Sources */ = {isa = PBXBuildFile; fileRef = 1D96AC931F193C3600294A68 /* AZTableViewCell.m */; };
		1D96AC981F19496100294A68 /* NSString+AZRandomName.m in Sources */ = {isa = PBXBuildFile; fileRef = 1D96AC971F19496100294A68 /* NSString+AZRandomName.m */; };
		1D96AC9B1F1949F300294A68 /* NSString+AZRandomString.m in Sources */ = {isa = PBXBuildFile; fileRef = 1D96AC9A1F1949F300294A68 /* NSString+AZRandomString.m */; };
		6A4B335B65A85E03B213499A /* libPods-iOSApp.a in Frameworks */ = {isa = PBXBuildFile; fileRef = 83E3D191EACADFB6A1F9187A /* libPods-iOSApp.a */; };
/* End PBXBuildFile section */

/* Begin PBXFileReference section */
		1D1498441F1BCFEA00906749 /* AZObservableObject.h */ = {isa = PBXFileReference; fileEncoding = 4; lastKnownFileType = sourcecode.c.h; path = AZObservableObject.h; sourceTree = "<group>"; };
		1D1498451F1BCFEA00906749 /* AZObservableObject.m */ = {isa = PBXFileReference; fileEncoding = 4; lastKnownFileType = sourcecode.c.objc; path = AZObservableObject.m; sourceTree = "<group>"; };
		1D1498481F1BD0B100906749 /* AZAssignReference.h */ = {isa = PBXFileReference; fileEncoding = 4; lastKnownFileType = sourcecode.c.h; path = AZAssignReference.h; sourceTree = "<group>"; };
		1D1498491F1BD0B100906749 /* AZAssignReference.m */ = {isa = PBXFileReference; fileEncoding = 4; lastKnownFileType = sourcecode.c.objc; path = AZAssignReference.m; sourceTree = "<group>"; };
		1D14984A1F1BD0B100906749 /* AZAssignRererenceWithSelector.h */ = {isa = PBXFileReference; fileEncoding = 4; lastKnownFileType = sourcecode.c.h; path = AZAssignRererenceWithSelector.h; sourceTree = "<group>"; };
		1D14984B1F1BD0B100906749 /* AZAssignRererenceWithSelector.m */ = {isa = PBXFileReference; fileEncoding = 4; lastKnownFileType = sourcecode.c.objc; path = AZAssignRererenceWithSelector.m; sourceTree = "<group>"; };
		1D1498521F1BD31800906749 /* AZImageModel.h */ = {isa = PBXFileReference; fileEncoding = 4; lastKnownFileType = sourcecode.c.h; path = AZImageModel.h; sourceTree = "<group>"; };
		1D1498531F1BD31800906749 /* AZImageModel.m */ = {isa = PBXFileReference; fileEncoding = 4; lastKnownFileType = sourcecode.c.objc; path = AZImageModel.m; sourceTree = "<group>"; };
		1D55A1981F1D49F200507424 /* AZImageModelDispatcher.h */ = {isa = PBXFileReference; fileEncoding = 4; lastKnownFileType = sourcecode.c.h; path = AZImageModelDispatcher.h; sourceTree = "<group>"; };
		1D55A1991F1D49F200507424 /* AZImageModelDispatcher.m */ = {isa = PBXFileReference; fileEncoding = 4; lastKnownFileType = sourcecode.c.objc; path = AZImageModelDispatcher.m; sourceTree = "<group>"; };
		1D583CED1F100F07001B8732 /* AZSquareView.h */ = {isa = PBXFileReference; fileEncoding = 4; lastKnownFileType = sourcecode.c.h; path = AZSquareView.h; sourceTree = "<group>"; };
		1D583CEE1F100F07001B8732 /* AZSquareView.m */ = {isa = PBXFileReference; fileEncoding = 4; lastKnownFileType = sourcecode.c.objc; path = AZSquareView.m; sourceTree = "<group>"; };
		1D583CEF1F100F07001B8732 /* AZSquareViewController.h */ = {isa = PBXFileReference; fileEncoding = 4; lastKnownFileType = sourcecode.c.h; path = AZSquareViewController.h; sourceTree = "<group>"; };
		1D583CF01F100F07001B8732 /* AZSquareViewController.m */ = {isa = PBXFileReference; fileEncoding = 4; lastKnownFileType = sourcecode.c.objc; path = AZSquareViewController.m; sourceTree = "<group>"; };
		1D583CF11F100F07001B8732 /* AZSquareViewController.xib */ = {isa = PBXFileReference; fileEncoding = 4; lastKnownFileType = file.xib; path = AZSquareViewController.xib; sourceTree = "<group>"; };
		1D5B4A421F05A93800E14BEA /* iOSApp.app */ = {isa = PBXFileReference; explicitFileType = wrapper.application; includeInIndex = 0; path = iOSApp.app; sourceTree = BUILT_PRODUCTS_DIR; };
		1D5B4A601F05B0D700E14BEA /* Info.plist */ = {isa = PBXFileReference; fileEncoding = 4; lastKnownFileType = text.plist.xml; path = Info.plist; sourceTree = "<group>"; };
		1D5B4A611F05B0D700E14BEA /* main.m */ = {isa = PBXFileReference; fileEncoding = 4; lastKnownFileType = sourcecode.c.objc; path = main.m; sourceTree = "<group>"; };
		1D5B4A651F05B0E200E14BEA /* Assets.xcassets */ = {isa = PBXFileReference; lastKnownFileType = folder.assetcatalog; path = Assets.xcassets; sourceTree = "<group>"; };
		1D5B4A671F05B0E200E14BEA /* Base */ = {isa = PBXFileReference; lastKnownFileType = file.storyboard; name = Base; path = Base.lproj/LaunchScreen.storyboard; sourceTree = "<group>"; };
		1D5B4A691F05B0E200E14BEA /* Base */ = {isa = PBXFileReference; lastKnownFileType = file.storyboard; name = Base; path = Base.lproj/Main.storyboard; sourceTree = "<group>"; };
		1D5D49AA1F1B8860003AEA36 /* UINib+AZExtension.h */ = {isa = PBXFileReference; fileEncoding = 4; lastKnownFileType = sourcecode.c.h; path = "UINib+AZExtension.h"; sourceTree = "<group>"; };
		1D5D49AB1F1B8860003AEA36 /* UINib+AZExtension.m */ = {isa = PBXFileReference; fileEncoding = 4; lastKnownFileType = sourcecode.c.objc; path = "UINib+AZExtension.m"; sourceTree = "<group>"; };
		1D5D49B21F1BA001003AEA36 /* Image.jpg */ = {isa = PBXFileReference; lastKnownFileType = image.jpeg; path = Image.jpg; sourceTree = "<group>"; };
		1D63569F1F154C3800EFDA40 /* AZMacros.h */ = {isa = PBXFileReference; fileEncoding = 4; lastKnownFileType = sourcecode.c.h; name = AZMacros.h; path = Utils/AZMacros.h; sourceTree = "<group>"; };
		1D6356A31F156C7A00EFDA40 /* AZUsersViewController.h */ = {isa = PBXFileReference; fileEncoding = 4; lastKnownFileType = sourcecode.c.h; path = AZUsersViewController.h; sourceTree = "<group>"; };
		1D6356A41F156C7A00EFDA40 /* AZUsersViewController.m */ = {isa = PBXFileReference; fileEncoding = 4; lastKnownFileType = sourcecode.c.objc; path = AZUsersViewController.m; sourceTree = "<group>"; };
		1D6356A51F156C7A00EFDA40 /* AZUsersViewController.xib */ = {isa = PBXFileReference; fileEncoding = 4; lastKnownFileType = file.xib; path = AZUsersViewController.xib; sourceTree = "<group>"; };
		1D6356A81F156D6D00EFDA40 /* AZUsersView.h */ = {isa = PBXFileReference; fileEncoding = 4; lastKnownFileType = sourcecode.c.h; path = AZUsersView.h; sourceTree = "<group>"; };
		1D6356A91F156D6D00EFDA40 /* AZUsersView.m */ = {isa = PBXFileReference; fileEncoding = 4; lastKnownFileType = sourcecode.c.objc; path = AZUsersView.m; sourceTree = "<group>"; };
		1D6356AE1F1572CB00EFDA40 /* AZUserCell.h */ = {isa = PBXFileReference; fileEncoding = 4; lastKnownFileType = sourcecode.c.h; path = AZUserCell.h; sourceTree = "<group>"; };
		1D6356AF1F1572CB00EFDA40 /* AZUserCell.m */ = {isa = PBXFileReference; fileEncoding = 4; lastKnownFileType = sourcecode.c.objc; path = AZUserCell.m; sourceTree = "<group>"; };
		1D6356B01F1572CB00EFDA40 /* AZUserCell.xib */ = {isa = PBXFileReference; fileEncoding = 4; lastKnownFileType = file.xib; path = AZUserCell.xib; sourceTree = "<group>"; };
		1D77AF4A1F1423F90069E27F /* AZRandomNumber.h */ = {isa = PBXFileReference; fileEncoding = 4; lastKnownFileType = sourcecode.c.h; name = AZRandomNumber.h; path = Utils/AZRandomNumber.h; sourceTree = "<group>"; };
		1D77AF4B1F1423F90069E27F /* AZRandomNumber.m */ = {isa = PBXFileReference; fileEncoding = 4; lastKnownFileType = sourcecode.c.objc; name = AZRandomNumber.m; path = Utils/AZRandomNumber.m; sourceTree = "<group>"; };
		1D77AF4F1F142BF70069E27F /* AZRange.h */ = {isa = PBXFileReference; fileEncoding = 4; lastKnownFileType = sourcecode.c.h; name = AZRange.h; path = Utils/AZRange.h; sourceTree = "<group>"; };
		1D77AF501F142BF70069E27F /* AZRange.m */ = {isa = PBXFileReference; fileEncoding = 4; lastKnownFileType = sourcecode.c.objc; name = AZRange.m; path = Utils/AZRange.m; sourceTree = "<group>"; };
		1D8307071F0C30A200409B09 /* AZAppDelegate.h */ = {isa = PBXFileReference; fileEncoding = 4; lastKnownFileType = sourcecode.c.h; path = AZAppDelegate.h; sourceTree = "<group>"; };
		1D8307081F0C30A200409B09 /* AZAppDelegate.m */ = {isa = PBXFileReference; fileEncoding = 4; lastKnownFileType = sourcecode.c.objc; path = AZAppDelegate.m; sourceTree = "<group>"; };
		1D96AC8B1F19385400294A68 /* AZUser.h */ = {isa = PBXFileReference; fileEncoding = 4; lastKnownFileType = sourcecode.c.h; name = AZUser.h; path = User/AZUser.h; sourceTree = "<group>"; };
		1D96AC8C1F19385400294A68 /* AZUser.m */ = {isa = PBXFileReference; fileEncoding = 4; lastKnownFileType = sourcecode.c.objc; name = AZUser.m; path = User/AZUser.m; sourceTree = "<group>"; };
		1D96AC921F193C3600294A68 /* AZTableViewCell.h */ = {isa = PBXFileReference; fileEncoding = 4; lastKnownFileType = sourcecode.c.h; path = AZTableViewCell.h; sourceTree = "<group>"; };
		1D96AC931F193C3600294A68 /* AZTableViewCell.m */ = {isa = PBXFileReference; fileEncoding = 4; lastKnownFileType = sourcecode.c.objc; path = AZTableViewCell.m; sourceTree = "<group>"; };
		1D96AC961F19496100294A68 /* NSString+AZRandomName.h */ = {isa = PBXFileReference; fileEncoding = 4; lastKnownFileType = sourcecode.c.h; path = "NSString+AZRandomName.h"; sourceTree = "<group>"; };
		1D96AC971F19496100294A68 /* NSString+AZRandomName.m */ = {isa = PBXFileReference; fileEncoding = 4; lastKnownFileType = sourcecode.c.objc; path = "NSString+AZRandomName.m"; sourceTree = "<group>"; };
		1D96AC991F1949F300294A68 /* NSString+AZRandomString.h */ = {isa = PBXFileReference; fileEncoding = 4; lastKnownFileType = sourcecode.c.h; path = "NSString+AZRandomString.h"; sourceTree = "<group>"; };
		1D96AC9A1F1949F300294A68 /* NSString+AZRandomString.m */ = {isa = PBXFileReference; fileEncoding = 4; lastKnownFileType = sourcecode.c.objc; path = "NSString+AZRandomString.m"; sourceTree = "<group>"; };
		4C0A4B828E3B838C82DF99A2 /* Pods-iOSApp.debug.xcconfig */ = {isa = PBXFileReference; includeInIndex = 1; lastKnownFileType = text.xcconfig; name = "Pods-iOSApp.debug.xcconfig"; path = "Pods/Target Support Files/Pods-iOSApp/Pods-iOSApp.debug.xcconfig"; sourceTree = "<group>"; };
		83E3D191EACADFB6A1F9187A /* libPods-iOSApp.a */ = {isa = PBXFileReference; explicitFileType = archive.ar; includeInIndex = 0; path = "libPods-iOSApp.a"; sourceTree = BUILT_PRODUCTS_DIR; };
		BD4E0CAB0C936997215356FC /* Pods-iOSApp.release.xcconfig */ = {isa = PBXFileReference; includeInIndex = 1; lastKnownFileType = text.xcconfig; name = "Pods-iOSApp.release.xcconfig"; path = "Pods/Target Support Files/Pods-iOSApp/Pods-iOSApp.release.xcconfig"; sourceTree = "<group>"; };
/* End PBXFileReference section */

/* Begin PBXFrameworksBuildPhase section */
		1D5B4A3F1F05A93800E14BEA /* Frameworks */ = {
			isa = PBXFrameworksBuildPhase;
			buildActionMask = 2147483647;
			files = (
				6A4B335B65A85E03B213499A /* libPods-iOSApp.a in Frameworks */,
			);
			runOnlyForDeploymentPostprocessing = 0;
		};
/* End PBXFrameworksBuildPhase section */

/* Begin PBXGroup section */
		1D1498431F1BCFEA00906749 /* Observer */ = {
			isa = PBXGroup;
			children = (
				1D1498441F1BCFEA00906749 /* AZObservableObject.h */,
				1D1498451F1BCFEA00906749 /* AZObservableObject.m */,
			);
			path = Observer;
			sourceTree = "<group>";
		};
		1D1498471F1BD0B100906749 /* ReferenceWrapper */ = {
			isa = PBXGroup;
			children = (
				1D1498481F1BD0B100906749 /* AZAssignReference.h */,
				1D1498491F1BD0B100906749 /* AZAssignReference.m */,
				1D14984A1F1BD0B100906749 /* AZAssignRererenceWithSelector.h */,
				1D14984B1F1BD0B100906749 /* AZAssignRererenceWithSelector.m */,
			);
			path = ReferenceWrapper;
			sourceTree = "<group>";
		};
		1D1498511F1BD31800906749 /* ImageModel */ = {
			isa = PBXGroup;
			children = (
				1D55A1971F1D499A00507424 /* Dispatcher */,
				1D1498521F1BD31800906749 /* AZImageModel.h */,
				1D1498531F1BD31800906749 /* AZImageModel.m */,
			);
			path = ImageModel;
			sourceTree = "<group>";
		};
		1D55A1971F1D499A00507424 /* Dispatcher */ = {
			isa = PBXGroup;
			children = (
				1D55A1981F1D49F200507424 /* AZImageModelDispatcher.h */,
				1D55A1991F1D49F200507424 /* AZImageModelDispatcher.m */,
			);
			path = Dispatcher;
			sourceTree = "<group>";
		};
		1D583CEA1F100F07001B8732 /* Source */ = {
			isa = PBXGroup;
			children = (
				1D77AF491F1423EC0069E27F /* Utils */,
				1D583CEB1F100F07001B8732 /* Controllers */,
				1D583CF21F100F07001B8732 /* Models */,
			);
			path = Source;
			sourceTree = "<group>";
		};
		1D583CEB1F100F07001B8732 /* Controllers */ = {
			isa = PBXGroup;
			children = (
				1D6356A21F156C2C00EFDA40 /* UsersController */,
				1D583CEC1F100F07001B8732 /* SquareController */,
			);
			path = Controllers;
			sourceTree = "<group>";
		};
		1D583CEC1F100F07001B8732 /* SquareController */ = {
			isa = PBXGroup;
			children = (
				1D583CED1F100F07001B8732 /* AZSquareView.h */,
				1D583CEE1F100F07001B8732 /* AZSquareView.m */,
				1D583CEF1F100F07001B8732 /* AZSquareViewController.h */,
				1D583CF01F100F07001B8732 /* AZSquareViewController.m */,
				1D583CF11F100F07001B8732 /* AZSquareViewController.xib */,
			);
			path = SquareController;
			sourceTree = "<group>";
		};
		1D583CF21F100F07001B8732 /* Models */ = {
			isa = PBXGroup;
			children = (
				1D1498511F1BD31800906749 /* ImageModel */,
				1D96AC8E1F19385A00294A68 /* User */,
			);
			path = Models;
			sourceTree = "<group>";
		};
		1D5B4A391F05A93800E14BEA = {
			isa = PBXGroup;
			children = (
				1D583CEA1F100F07001B8732 /* Source */,
				1D5B4A641F05B0E200E14BEA /* Resources */,
				1D5B4A5F1F05B0D700E14BEA /* iOSApp */,
				1D5B4A431F05A93800E14BEA /* Products */,
				6FF4CD2DD1003B7DA0220BA6 /* Pods */,
				AD0B79ACAAC73831465A3A0E /* Frameworks */,
			);
			sourceTree = "<group>";
		};
		1D5B4A431F05A93800E14BEA /* Products */ = {
			isa = PBXGroup;
			children = (
				1D5B4A421F05A93800E14BEA /* iOSApp.app */,
			);
			name = Products;
			sourceTree = "<group>";
		};
		1D5B4A5F1F05B0D700E14BEA /* iOSApp */ = {
			isa = PBXGroup;
			children = (
				1D8307071F0C30A200409B09 /* AZAppDelegate.h */,
				1D8307081F0C30A200409B09 /* AZAppDelegate.m */,
				1D5B4A601F05B0D700E14BEA /* Info.plist */,
				1D5B4A611F05B0D700E14BEA /* main.m */,
			);
			path = iOSApp;
			sourceTree = "<group>";
		};
		1D5B4A641F05B0E200E14BEA /* Resources */ = {
			isa = PBXGroup;
			children = (
				1D5D49B11F1BA001003AEA36 /* Images */,
				1D5B4A651F05B0E200E14BEA /* Assets.xcassets */,
				1D5B4A661F05B0E200E14BEA /* LaunchScreen.storyboard */,
				1D5B4A681F05B0E200E14BEA /* Main.storyboard */,
			);
			path = Resources;
			sourceTree = "<group>";
		};
		1D5D49B11F1BA001003AEA36 /* Images */ = {
			isa = PBXGroup;
			children = (
				1D5D49B21F1BA001003AEA36 /* Image.jpg */,
			);
			path = Images;
			sourceTree = "<group>";
		};
		1D6356A21F156C2C00EFDA40 /* UsersController */ = {
			isa = PBXGroup;
			children = (
				1D6356A31F156C7A00EFDA40 /* AZUsersViewController.h */,
				1D6356A41F156C7A00EFDA40 /* AZUsersViewController.m */,
				1D6356A51F156C7A00EFDA40 /* AZUsersViewController.xib */,
				1D6356A81F156D6D00EFDA40 /* AZUsersView.h */,
				1D6356A91F156D6D00EFDA40 /* AZUsersView.m */,
				1D6356AE1F1572CB00EFDA40 /* AZUserCell.h */,
				1D6356AF1F1572CB00EFDA40 /* AZUserCell.m */,
				1D6356B01F1572CB00EFDA40 /* AZUserCell.xib */,
			);
			path = UsersController;
			sourceTree = "<group>";
		};
		1D77AF491F1423EC0069E27F /* Utils */ = {
			isa = PBXGroup;
			children = (
				1D96AC951F19496100294A68 /* Categories */,
				1D96AC901F193BB900294A68 /* Classes */,
				1D77AF4A1F1423F90069E27F /* AZRandomNumber.h */,
				1D77AF4B1F1423F90069E27F /* AZRandomNumber.m */,
				1D77AF4F1F142BF70069E27F /* AZRange.h */,
				1D77AF501F142BF70069E27F /* AZRange.m */,
				1D63569F1F154C3800EFDA40 /* AZMacros.h */,
			);
			name = Utils;
			sourceTree = "<group>";
		};
		1D96AC8E1F19385A00294A68 /* User */ = {
			isa = PBXGroup;
			children = (
				1D96AC8B1F19385400294A68 /* AZUser.h */,
				1D96AC8C1F19385400294A68 /* AZUser.m */,
			);
			name = User;
			sourceTree = "<group>";
		};
		1D96AC901F193BB900294A68 /* Classes */ = {
			isa = PBXGroup;
			children = (
				1D1498471F1BD0B100906749 /* ReferenceWrapper */,
				1D1498431F1BCFEA00906749 /* Observer */,
				1D96AC911F193BDB00294A68 /* TableViewCell */,
			);
			name = Classes;
			path = Utils/Classes;
			sourceTree = "<group>";
		};
		1D96AC911F193BDB00294A68 /* TableViewCell */ = {
			isa = PBXGroup;
			children = (
				1D96AC921F193C3600294A68 /* AZTableViewCell.h */,
				1D96AC931F193C3600294A68 /* AZTableViewCell.m */,
			);
			path = TableViewCell;
			sourceTree = "<group>";
		};
		1D96AC951F19496100294A68 /* Categories */ = {
			isa = PBXGroup;
			children = (
				1D96AC991F1949F300294A68 /* NSString+AZRandomString.h */,
				1D96AC9A1F1949F300294A68 /* NSString+AZRandomString.m */,
				1D96AC961F19496100294A68 /* NSString+AZRandomName.h */,
				1D96AC971F19496100294A68 /* NSString+AZRandomName.m */,
				1D5D49AA1F1B8860003AEA36 /* UINib+AZExtension.h */,
				1D5D49AB1F1B8860003AEA36 /* UINib+AZExtension.m */,
			);
			name = Categories;
			path = Utils/Categories;
			sourceTree = "<group>";
		};
		6FF4CD2DD1003B7DA0220BA6 /* Pods */ = {
			isa = PBXGroup;
			children = (
				4C0A4B828E3B838C82DF99A2 /* Pods-iOSApp.debug.xcconfig */,
				BD4E0CAB0C936997215356FC /* Pods-iOSApp.release.xcconfig */,
			);
			name = Pods;
			sourceTree = "<group>";
		};
		AD0B79ACAAC73831465A3A0E /* Frameworks */ = {
			isa = PBXGroup;
			children = (
				83E3D191EACADFB6A1F9187A /* libPods-iOSApp.a */,
			);
			name = Frameworks;
			sourceTree = "<group>";
		};
/* End PBXGroup section */

/* Begin PBXNativeTarget section */
		1D5B4A411F05A93800E14BEA /* iOSApp */ = {
			isa = PBXNativeTarget;
			buildConfigurationList = 1D5B4A591F05A93800E14BEA /* Build configuration list for PBXNativeTarget "iOSApp" */;
			buildPhases = (
				D562216A9B757DE7DC702DA7 /* [CP] Check Pods Manifest.lock */,
				1D5B4A3E1F05A93800E14BEA /* Sources */,
				1D5B4A3F1F05A93800E14BEA /* Frameworks */,
				1D5B4A401F05A93800E14BEA /* Resources */,
				19990015BAB093BABE15DE7B /* [CP] Embed Pods Frameworks */,
				11DCA60FCA4B99794E023F5F /* [CP] Copy Pods Resources */,
			);
			buildRules = (
			);
			dependencies = (
			);
			name = iOSApp;
			productName = iOSApp;
			productReference = 1D5B4A421F05A93800E14BEA /* iOSApp.app */;
			productType = "com.apple.product-type.application";
		};
/* End PBXNativeTarget section */

/* Begin PBXProject section */
		1D5B4A3A1F05A93800E14BEA /* Project object */ = {
			isa = PBXProject;
			attributes = {
				CLASSPREFIX = AZ;
				LastUpgradeCheck = 0820;
				ORGANIZATIONNAME = "Aleksey Zuiev";
				TargetAttributes = {
					1D5B4A411F05A93800E14BEA = {
						CreatedOnToolsVersion = 8.2.1;
						ProvisioningStyle = Automatic;
					};
				};
			};
			buildConfigurationList = 1D5B4A3D1F05A93800E14BEA /* Build configuration list for PBXProject "iOSApp" */;
			compatibilityVersion = "Xcode 3.2";
			developmentRegion = English;
			hasScannedForEncodings = 0;
			knownRegions = (
				en,
				Base,
			);
			mainGroup = 1D5B4A391F05A93800E14BEA;
			productRefGroup = 1D5B4A431F05A93800E14BEA /* Products */;
			projectDirPath = "";
			projectRoot = "";
			targets = (
				1D5B4A411F05A93800E14BEA /* iOSApp */,
			);
		};
/* End PBXProject section */

/* Begin PBXResourcesBuildPhase section */
		1D5B4A401F05A93800E14BEA /* Resources */ = {
			isa = PBXResourcesBuildPhase;
			buildActionMask = 2147483647;
			files = (
				1D6356A71F156C7A00EFDA40 /* AZUsersViewController.xib in Resources */,
				1D583CF81F100F07001B8732 /* AZSquareViewController.xib in Resources */,
				1D6356B21F1572CB00EFDA40 /* AZUserCell.xib in Resources */,
				1D5B4A6B1F05B0E200E14BEA /* LaunchScreen.storyboard in Resources */,
				1D5D49B31F1BA001003AEA36 /* Image.jpg in Resources */,
				1D5B4A6A1F05B0E200E14BEA /* Assets.xcassets in Resources */,
				1D5B4A6C1F05B0E200E14BEA /* Main.storyboard in Resources */,
			);
			runOnlyForDeploymentPostprocessing = 0;
		};
/* End PBXResourcesBuildPhase section */

/* Begin PBXShellScriptBuildPhase section */
		11DCA60FCA4B99794E023F5F /* [CP] Copy Pods Resources */ = {
			isa = PBXShellScriptBuildPhase;
			buildActionMask = 2147483647;
			files = (
			);
			inputPaths = (
			);
			name = "[CP] Copy Pods Resources";
			outputPaths = (
			);
			runOnlyForDeploymentPostprocessing = 0;
			shellPath = /bin/sh;
			shellScript = "\"${SRCROOT}/Pods/Target Support Files/Pods-iOSApp/Pods-iOSApp-resources.sh\"\n";
			showEnvVarsInLog = 0;
		};
		19990015BAB093BABE15DE7B /* [CP] Embed Pods Frameworks */ = {
			isa = PBXShellScriptBuildPhase;
			buildActionMask = 2147483647;
			files = (
			);
			inputPaths = (
			);
			name = "[CP] Embed Pods Frameworks";
			outputPaths = (
			);
			runOnlyForDeploymentPostprocessing = 0;
			shellPath = /bin/sh;
			shellScript = "\"${SRCROOT}/Pods/Target Support Files/Pods-iOSApp/Pods-iOSApp-frameworks.sh\"\n";
			showEnvVarsInLog = 0;
		};
		D562216A9B757DE7DC702DA7 /* [CP] Check Pods Manifest.lock */ = {
			isa = PBXShellScriptBuildPhase;
			buildActionMask = 2147483647;
			files = (
			);
			inputPaths = (
			);
			name = "[CP] Check Pods Manifest.lock";
			outputPaths = (
			);
			runOnlyForDeploymentPostprocessing = 0;
			shellPath = /bin/sh;
			shellScript = "diff \"${PODS_PODFILE_DIR_PATH}/Podfile.lock\" \"${PODS_ROOT}/Manifest.lock\" > /dev/null\nif [ $? != 0 ] ; then\n    # print error to STDERR\n    echo \"error: The sandbox is not in sync with the Podfile.lock. Run 'pod install' or update your CocoaPods installation.\" >&2\n    exit 1\nfi\n";
			showEnvVarsInLog = 0;
		};
/* End PBXShellScriptBuildPhase section */

/* Begin PBXSourcesBuildPhase section */
		1D5B4A3E1F05A93800E14BEA /* Sources */ = {
			isa = PBXSourcesBuildPhase;
			buildActionMask = 2147483647;
			files = (
				1D96AC941F193C3600294A68 /* AZTableViewCell.m in Sources */,
				1D6356AA1F156D6D00EFDA40 /* AZUsersView.m in Sources */,
				1D6356A61F156C7A00EFDA40 /* AZUsersViewController.m in Sources */,
				1D96AC9B1F1949F300294A68 /* NSString+AZRandomString.m in Sources */,
				1D8307091F0C30A200409B09 /* AZAppDelegate.m in Sources */,
				1D77AF4C1F1423F90069E27F /* AZRandomNumber.m in Sources */,
				1D14984D1F1BD0B100906749 /* AZAssignRererenceWithSelector.m in Sources */,
				1D1498461F1BCFEA00906749 /* AZObservableObject.m in Sources */,
				1D5D49AC1F1B8860003AEA36 /* UINib+AZExtension.m in Sources */,
				1D5B4A631F05B0D700E14BEA /* main.m in Sources */,
				1D55A19A1F1D49F200507424 /* AZImageModelDispatcher.m in Sources */,
				1D77AF511F142BF70069E27F /* AZRange.m in Sources */,
				1D583CF71F100F07001B8732 /* AZSquareViewController.m in Sources */,
				1D6356B11F1572CB00EFDA40 /* AZUserCell.m in Sources */,
				1D1498541F1BD31800906749 /* AZImageModel.m in Sources */,
				1D583CF61F100F07001B8732 /* AZSquareView.m in Sources */,
				1D14984C1F1BD0B100906749 /* AZAssignReference.m in Sources */,
				1D96AC981F19496100294A68 /* NSString+AZRandomName.m in Sources */,
				1D96AC8D1F19385400294A68 /* AZUser.m in Sources */,
			);
			runOnlyForDeploymentPostprocessing = 0;
		};
/* End PBXSourcesBuildPhase section */

/* Begin PBXVariantGroup section */
		1D5B4A661F05B0E200E14BEA /* LaunchScreen.storyboard */ = {
			isa = PBXVariantGroup;
			children = (
				1D5B4A671F05B0E200E14BEA /* Base */,
			);
			name = LaunchScreen.storyboard;
			sourceTree = "<group>";
		};
		1D5B4A681F05B0E200E14BEA /* Main.storyboard */ = {
			isa = PBXVariantGroup;
			children = (
				1D5B4A691F05B0E200E14BEA /* Base */,
			);
			name = Main.storyboard;
			sourceTree = "<group>";
		};
/* End PBXVariantGroup section */

/* Begin XCBuildConfiguration section */
		1D5B4A571F05A93800E14BEA /* Debug */ = {
			isa = XCBuildConfiguration;
			buildSettings = {
				ALWAYS_SEARCH_USER_PATHS = NO;
				CLANG_ANALYZER_NONNULL = YES;
				CLANG_CXX_LANGUAGE_STANDARD = "gnu++0x";
				CLANG_CXX_LIBRARY = "libc++";
				CLANG_ENABLE_MODULES = YES;
				CLANG_ENABLE_OBJC_ARC = YES;
				CLANG_WARN_BOOL_CONVERSION = YES;
				CLANG_WARN_CONSTANT_CONVERSION = YES;
				CLANG_WARN_DIRECT_OBJC_ISA_USAGE = YES_ERROR;
				CLANG_WARN_DOCUMENTATION_COMMENTS = YES;
				CLANG_WARN_EMPTY_BODY = YES;
				CLANG_WARN_ENUM_CONVERSION = YES;
				CLANG_WARN_INFINITE_RECURSION = YES;
				CLANG_WARN_INT_CONVERSION = YES;
				CLANG_WARN_OBJC_ROOT_CLASS = YES_ERROR;
				CLANG_WARN_SUSPICIOUS_MOVE = YES;
				CLANG_WARN_UNREACHABLE_CODE = YES;
				CLANG_WARN__DUPLICATE_METHOD_MATCH = YES;
				"CODE_SIGN_IDENTITY[sdk=iphoneos*]" = "iPhone Developer";
				COPY_PHASE_STRIP = NO;
				DEBUG_INFORMATION_FORMAT = dwarf;
				ENABLE_STRICT_OBJC_MSGSEND = YES;
				ENABLE_TESTABILITY = YES;
				GCC_C_LANGUAGE_STANDARD = gnu99;
				GCC_DYNAMIC_NO_PIC = NO;
				GCC_NO_COMMON_BLOCKS = YES;
				GCC_OPTIMIZATION_LEVEL = 0;
				GCC_PREPROCESSOR_DEFINITIONS = (
					"DEBUG=1",
					"$(inherited)",
				);
				GCC_WARN_64_TO_32_BIT_CONVERSION = YES;
				GCC_WARN_ABOUT_RETURN_TYPE = YES_ERROR;
				GCC_WARN_UNDECLARED_SELECTOR = YES;
				GCC_WARN_UNINITIALIZED_AUTOS = YES_AGGRESSIVE;
				GCC_WARN_UNUSED_FUNCTION = YES;
				GCC_WARN_UNUSED_VARIABLE = YES;
				IPHONEOS_DEPLOYMENT_TARGET = 10.2;
				MTL_ENABLE_DEBUG_INFO = YES;
				ONLY_ACTIVE_ARCH = YES;
				SDKROOT = iphoneos;
			};
			name = Debug;
		};
		1D5B4A581F05A93800E14BEA /* Release */ = {
			isa = XCBuildConfiguration;
			buildSettings = {
				ALWAYS_SEARCH_USER_PATHS = NO;
				CLANG_ANALYZER_NONNULL = YES;
				CLANG_CXX_LANGUAGE_STANDARD = "gnu++0x";
				CLANG_CXX_LIBRARY = "libc++";
				CLANG_ENABLE_MODULES = YES;
				CLANG_ENABLE_OBJC_ARC = YES;
				CLANG_WARN_BOOL_CONVERSION = YES;
				CLANG_WARN_CONSTANT_CONVERSION = YES;
				CLANG_WARN_DIRECT_OBJC_ISA_USAGE = YES_ERROR;
				CLANG_WARN_DOCUMENTATION_COMMENTS = YES;
				CLANG_WARN_EMPTY_BODY = YES;
				CLANG_WARN_ENUM_CONVERSION = YES;
				CLANG_WARN_INFINITE_RECURSION = YES;
				CLANG_WARN_INT_CONVERSION = YES;
				CLANG_WARN_OBJC_ROOT_CLASS = YES_ERROR;
				CLANG_WARN_SUSPICIOUS_MOVE = YES;
				CLANG_WARN_UNREACHABLE_CODE = YES;
				CLANG_WARN__DUPLICATE_METHOD_MATCH = YES;
				"CODE_SIGN_IDENTITY[sdk=iphoneos*]" = "iPhone Developer";
				COPY_PHASE_STRIP = NO;
				DEBUG_INFORMATION_FORMAT = "dwarf-with-dsym";
				ENABLE_NS_ASSERTIONS = NO;
				ENABLE_STRICT_OBJC_MSGSEND = YES;
				GCC_C_LANGUAGE_STANDARD = gnu99;
				GCC_NO_COMMON_BLOCKS = YES;
				GCC_WARN_64_TO_32_BIT_CONVERSION = YES;
				GCC_WARN_ABOUT_RETURN_TYPE = YES_ERROR;
				GCC_WARN_UNDECLARED_SELECTOR = YES;
				GCC_WARN_UNINITIALIZED_AUTOS = YES_AGGRESSIVE;
				GCC_WARN_UNUSED_FUNCTION = YES;
				GCC_WARN_UNUSED_VARIABLE = YES;
				IPHONEOS_DEPLOYMENT_TARGET = 10.2;
				MTL_ENABLE_DEBUG_INFO = NO;
				SDKROOT = iphoneos;
				VALIDATE_PRODUCT = YES;
			};
			name = Release;
		};
		1D5B4A5A1F05A93800E14BEA /* Debug */ = {
			isa = XCBuildConfiguration;
			baseConfigurationReference = 4C0A4B828E3B838C82DF99A2 /* Pods-iOSApp.debug.xcconfig */;
			buildSettings = {
				ASSETCATALOG_COMPILER_APPICON_NAME = AppIcon;
				INFOPLIST_FILE = iOSApp/Info.plist;
				IPHONEOS_DEPLOYMENT_TARGET = 10.1;
				LD_RUNPATH_SEARCH_PATHS = "$(inherited) @executable_path/Frameworks";
				PRODUCT_BUNDLE_IDENTIFIER = idap.iOSApp;
				PRODUCT_NAME = "$(TARGET_NAME)";
			};
			name = Debug;
		};
		1D5B4A5B1F05A93800E14BEA /* Release */ = {
			isa = XCBuildConfiguration;
			baseConfigurationReference = BD4E0CAB0C936997215356FC /* Pods-iOSApp.release.xcconfig */;
			buildSettings = {
				ASSETCATALOG_COMPILER_APPICON_NAME = AppIcon;
				INFOPLIST_FILE = iOSApp/Info.plist;
				IPHONEOS_DEPLOYMENT_TARGET = 10.1;
				LD_RUNPATH_SEARCH_PATHS = "$(inherited) @executable_path/Frameworks";
				PRODUCT_BUNDLE_IDENTIFIER = idap.iOSApp;
				PRODUCT_NAME = "$(TARGET_NAME)";
			};
			name = Release;
		};
/* End XCBuildConfiguration section */

/* Begin XCConfigurationList section */
		1D5B4A3D1F05A93800E14BEA /* Build configuration list for PBXProject "iOSApp" */ = {
			isa = XCConfigurationList;
			buildConfigurations = (
				1D5B4A571F05A93800E14BEA /* Debug */,
				1D5B4A581F05A93800E14BEA /* Release */,
			);
			defaultConfigurationIsVisible = 0;
			defaultConfigurationName = Release;
		};
		1D5B4A591F05A93800E14BEA /* Build configuration list for PBXNativeTarget "iOSApp" */ = {
			isa = XCConfigurationList;
			buildConfigurations = (
				1D5B4A5A1F05A93800E14BEA /* Debug */,
				1D5B4A5B1F05A93800E14BEA /* Release */,
			);
			defaultConfigurationIsVisible = 0;
			defaultConfigurationName = Release;
		};
/* End XCConfigurationList section */
	};
	rootObject = 1D5B4A3A1F05A93800E14BEA /* Project object */;
}
