// !$*UTF8*$!
{
	archiveVersion = 1;
	classes = {
	};
	objectVersion = 46;
	objects = {

/* Begin PBXBuildFile section */
		1D2BD67F1F3124FA00641E23 /* NSArray+AZExtension.m in Sources */ = {isa = PBXBuildFile; fileRef = 1D2BD66A1F3124FA00641E23 /* NSArray+AZExtension.m */; };
		1D2BD6801F3124FA00641E23 /* NSBundle+AZExtension.m in Sources */ = {isa = PBXBuildFile; fileRef = 1D2BD66D1F3124FA00641E23 /* NSBundle+AZExtension.m */; };
		1D2BD6811F3124FA00641E23 /* NSMutableArray+AZExtension.m in Sources */ = {isa = PBXBuildFile; fileRef = 1D2BD6701F3124FA00641E23 /* NSMutableArray+AZExtension.m */; };
		1D2BD6821F3124FA00641E23 /* NSString+AZRandomName.m in Sources */ = {isa = PBXBuildFile; fileRef = 1D2BD6731F3124FA00641E23 /* NSString+AZRandomName.m */; };
		1D2BD6831F3124FA00641E23 /* NSString+AZRandomString.m in Sources */ = {isa = PBXBuildFile; fileRef = 1D2BD6751F3124FA00641E23 /* NSString+AZRandomString.m */; };
		1D2BD6841F3124FA00641E23 /* UINib+AZExtension.m in Sources */ = {isa = PBXBuildFile; fileRef = 1D2BD6781F3124FA00641E23 /* UINib+AZExtension.m */; };
		1D2BD6851F3124FA00641E23 /* UITableView+AZExtension.m in Sources */ = {isa = PBXBuildFile; fileRef = 1D2BD67B1F3124FA00641E23 /* UITableView+AZExtension.m */; };
		1D2BD6861F3124FA00641E23 /* UIWindow+AZExtension.m in Sources */ = {isa = PBXBuildFile; fileRef = 1D2BD67E1F3124FA00641E23 /* UIWindow+AZExtension.m */; };
		1D46F2271F61AE0000ABD230 /* Bolts.framework in Frameworks */ = {isa = PBXBuildFile; fileRef = 1D46F2261F61AE0000ABD230 /* Bolts.framework */; };
		1D46F2291F61AE0C00ABD230 /* FBSDKCoreKit.framework in Frameworks */ = {isa = PBXBuildFile; fileRef = 1D46F2281F61AE0C00ABD230 /* FBSDKCoreKit.framework */; };
		1D46F22B1F61AE1100ABD230 /* FBSDKLoginKit.framework in Frameworks */ = {isa = PBXBuildFile; fileRef = 1D46F22A1F61AE1100ABD230 /* FBSDKLoginKit.framework */; };
		1D46F22D1F61AE1700ABD230 /* FBSDKShareKit.framework in Frameworks */ = {isa = PBXBuildFile; fileRef = 1D46F22C1F61AE1700ABD230 /* FBSDKShareKit.framework */; };
		1D5B4A631F05B0D700E14BEA /* main.m in Sources */ = {isa = PBXBuildFile; fileRef = 1D5B4A611F05B0D700E14BEA /* main.m */; };
		1D5B4A6A1F05B0E200E14BEA /* Assets.xcassets in Resources */ = {isa = PBXBuildFile; fileRef = 1D5B4A651F05B0E200E14BEA /* Assets.xcassets */; };
		1D5B4A6B1F05B0E200E14BEA /* LaunchScreen.storyboard in Resources */ = {isa = PBXBuildFile; fileRef = 1D5B4A661F05B0E200E14BEA /* LaunchScreen.storyboard */; };
		1D5B4A6C1F05B0E200E14BEA /* Main.storyboard in Resources */ = {isa = PBXBuildFile; fileRef = 1D5B4A681F05B0E200E14BEA /* Main.storyboard */; };
		1D5D01F21F81368800367A65 /* AZContext.m in Sources */ = {isa = PBXBuildFile; fileRef = 1D5D01E81F81368800367A65 /* AZContext.m */; };
		1D5D01F31F81368800367A65 /* AZFBDownloadFriendsContext.m in Sources */ = {isa = PBXBuildFile; fileRef = 1D5D01EB1F81368800367A65 /* AZFBDownloadFriendsContext.m */; };
		1D5D01F41F81368800367A65 /* AZFBDownloadUserDetailsContext.m in Sources */ = {isa = PBXBuildFile; fileRef = 1D5D01EE1F81368800367A65 /* AZFBDownloadUserDetailsContext.m */; };
		1D5D01F51F81368800367A65 /* AZFBLoginContext.m in Sources */ = {isa = PBXBuildFile; fileRef = 1D5D01F11F81368800367A65 /* AZFBLoginContext.m */; };
		1D5D01F81F8136A400367A65 /* AZGetContext.m in Sources */ = {isa = PBXBuildFile; fileRef = 1D5D01F71F8136A400367A65 /* AZGetContext.m */; };
		1D5D02411F813A0000367A65 /* AZArrayModel.m in Sources */ = {isa = PBXBuildFile; fileRef = 1D5D021D1F813A0000367A65 /* AZArrayModel.m */; };
		1D5D02421F813A0000367A65 /* AZArrayModelChange.m in Sources */ = {isa = PBXBuildFile; fileRef = 1D5D02201F813A0000367A65 /* AZArrayModelChange.m */; };
		1D5D02431F813A0000367A65 /* AZArrayModelAddChange.m in Sources */ = {isa = PBXBuildFile; fileRef = 1D5D02231F813A0000367A65 /* AZArrayModelAddChange.m */; };
		1D5D02441F813A0000367A65 /* AZArrayModelEditChange.m in Sources */ = {isa = PBXBuildFile; fileRef = 1D5D02251F813A0000367A65 /* AZArrayModelEditChange.m */; };
		1D5D02451F813A0000367A65 /* AZArrayModelMoveChange.m in Sources */ = {isa = PBXBuildFile; fileRef = 1D5D02271F813A0000367A65 /* AZArrayModelMoveChange.m */; };
		1D5D02461F813A0000367A65 /* AZArrayModelRemoveChange.m in Sources */ = {isa = PBXBuildFile; fileRef = 1D5D02291F813A0000367A65 /* AZArrayModelRemoveChange.m */; };
		1D5D02471F813A0000367A65 /* AZFBUsersModel.m in Sources */ = {isa = PBXBuildFile; fileRef = 1D5D022D1F813A0000367A65 /* AZFBUsersModel.m */; };
		1D5D02481F813A0000367A65 /* AZUsersModel.m in Sources */ = {isa = PBXBuildFile; fileRef = 1D5D022F1F813A0000367A65 /* AZUsersModel.m */; };
		1D5D02491F813A0000367A65 /* AZFileSystemImageModel.m in Sources */ = {isa = PBXBuildFile; fileRef = 1D5D02331F813A0000367A65 /* AZFileSystemImageModel.m */; };
		1D5D024A1F813A0000367A65 /* AZImageModel.m in Sources */ = {isa = PBXBuildFile; fileRef = 1D5D02351F813A0000367A65 /* AZImageModel.m */; };
		1D5D024B1F813A0000367A65 /* AZInternetImageModel.m in Sources */ = {isa = PBXBuildFile; fileRef = 1D5D02381F813A0000367A65 /* AZInternetImageModel.m */; };
		1D5D024C1F813A0000367A65 /* AZModel.m in Sources */ = {isa = PBXBuildFile; fileRef = 1D5D023A1F813A0000367A65 /* AZModel.m */; };
		1D5D024D1F813A0000367A65 /* AZUserModel.m in Sources */ = {isa = PBXBuildFile; fileRef = 1D5D023D1F813A0000367A65 /* AZUserModel.m */; };
		1D5D024E1F813A0000367A65 /* AZFBUserModel.m in Sources */ = {isa = PBXBuildFile; fileRef = 1D5D02401F813A0000367A65 /* AZFBUserModel.m */; };
		1D5D02781F813ACB00367A65 /* AZSquareView.m in Sources */ = {isa = PBXBuildFile; fileRef = 1D5D02631F813ACB00367A65 /* AZSquareView.m */; };
		1D5D02791F813ACB00367A65 /* AZSquareViewController.m in Sources */ = {isa = PBXBuildFile; fileRef = 1D5D02651F813ACB00367A65 /* AZSquareViewController.m */; };
		1D5D027A1F813ACB00367A65 /* AZSquareViewController.xib in Resources */ = {isa = PBXBuildFile; fileRef = 1D5D02661F813ACB00367A65 /* AZSquareViewController.xib */; };
		1D5D027B1F813ACB00367A65 /* AZUserCell.m in Sources */ = {isa = PBXBuildFile; fileRef = 1D5D02691F813ACB00367A65 /* AZUserCell.m */; };
		1D5D027C1F813ACB00367A65 /* AZUserCell.xib in Resources */ = {isa = PBXBuildFile; fileRef = 1D5D026A1F813ACB00367A65 /* AZUserCell.xib */; };
		1D5D027D1F813ACB00367A65 /* AZUsersView.m in Sources */ = {isa = PBXBuildFile; fileRef = 1D5D026C1F813ACB00367A65 /* AZUsersView.m */; };
		1D5D027E1F813ACB00367A65 /* AZUsersViewController.m in Sources */ = {isa = PBXBuildFile; fileRef = 1D5D026E1F813ACB00367A65 /* AZUsersViewController.m */; };
		1D5D027F1F813ACB00367A65 /* AZUsersViewController.xib in Resources */ = {isa = PBXBuildFile; fileRef = 1D5D026F1F813ACB00367A65 /* AZUsersViewController.xib */; };
		1D5D02A61F813B1B00367A65 /* AZFBUserModelCashe.m in Sources */ = {isa = PBXBuildFile; fileRef = 1D5D02921F813B1B00367A65 /* AZFBUserModelCashe.m */; };
		1D5D02A71F813B1B00367A65 /* AZImageModelCache.m in Sources */ = {isa = PBXBuildFile; fileRef = 1D5D02941F813B1B00367A65 /* AZImageModelCache.m */; };
		1D5D02A81F813B1B00367A65 /* AZDispatcher.m in Sources */ = {isa = PBXBuildFile; fileRef = 1D5D02971F813B1B00367A65 /* AZDispatcher.m */; };
		1D5D02A91F813B1B00367A65 /* AZGCD.m in Sources */ = {isa = PBXBuildFile; fileRef = 1D5D029A1F813B1B00367A65 /* AZGCD.m */; };
		1D5D02AA1F813B1B00367A65 /* AZObservableObject.m in Sources */ = {isa = PBXBuildFile; fileRef = 1D5D029D1F813B1B00367A65 /* AZObservableObject.m */; };
		1D5D02AB1F813B1B00367A65 /* AZAssignReference.m in Sources */ = {isa = PBXBuildFile; fileRef = 1D5D02A01F813B1B00367A65 /* AZAssignReference.m */; };
		1D5D02AC1F813B1B00367A65 /* AZAssignRererenceWithSelector.m in Sources */ = {isa = PBXBuildFile; fileRef = 1D5D02A21F813B1B00367A65 /* AZAssignRererenceWithSelector.m */; };
		1D5D02AD1F813B1B00367A65 /* AZTableViewCell.m in Sources */ = {isa = PBXBuildFile; fileRef = 1D5D02A51F813B1B00367A65 /* AZTableViewCell.m */; };
		1D5D02B91F813B5B00367A65 /* AZImageView.m in Sources */ = {isa = PBXBuildFile; fileRef = 1D5D02B11F813B5B00367A65 /* AZImageView.m */; };
		1D5D02BA1F813B5B00367A65 /* AZLoadingView.m in Sources */ = {isa = PBXBuildFile; fileRef = 1D5D02B41F813B5B00367A65 /* AZLoadingView.m */; };
		1D5D02BB1F813B5B00367A65 /* AZLoadingView.xib in Resources */ = {isa = PBXBuildFile; fileRef = 1D5D02B51F813B5B00367A65 /* AZLoadingView.xib */; };
		1D5D02BC1F813B5B00367A65 /* AZView.m in Sources */ = {isa = PBXBuildFile; fileRef = 1D5D02B81F813B5B00367A65 /* AZView.m */; };
		1D5D02C11F813FF100367A65 /* NSURL+AZExtension.m in Sources */ = {isa = PBXBuildFile; fileRef = 1D5D02C01F813FF100367A65 /* NSURL+AZExtension.m */; };
		1D5D49B31F1BA001003AEA36 /* Image.jpg in Resources */ = {isa = PBXBuildFile; fileRef = 1D5D49B21F1BA001003AEA36 /* Image.jpg */; };
		1D74D98F1F7994E400849F19 /* NSString+AZExtension.m in Sources */ = {isa = PBXBuildFile; fileRef = 1D74D98E1F7994E400849F19 /* NSString+AZExtension.m */; };
		1D77AF4C1F1423F90069E27F /* AZRandomNumber.m in Sources */ = {isa = PBXBuildFile; fileRef = 1D77AF4B1F1423F90069E27F /* AZRandomNumber.m */; };
		1D77AF511F142BF70069E27F /* AZRange.m in Sources */ = {isa = PBXBuildFile; fileRef = 1D77AF501F142BF70069E27F /* AZRange.m */; };
		1D8307091F0C30A200409B09 /* AZAppDelegate.m in Sources */ = {isa = PBXBuildFile; fileRef = 1D8307081F0C30A200409B09 /* AZAppDelegate.m */; };
		1D83E01C1F8413E2009DF71E /* AZFBUserViewController.m in Sources */ = {isa = PBXBuildFile; fileRef = 1D83E00E1F8413E2009DF71E /* AZFBUserViewController.m */; };
		1D83E01D1F8413E2009DF71E /* AZFBUserViewController.xib in Resources */ = {isa = PBXBuildFile; fileRef = 1D83E00F1F8413E2009DF71E /* AZFBUserViewController.xib */; };
		1D83E01E1F8413E2009DF71E /* AZFriendView.m in Sources */ = {isa = PBXBuildFile; fileRef = 1D83E0111F8413E2009DF71E /* AZFriendView.m */; };
		1D83E01F1F8413E2009DF71E /* AZFBFriendsViewController.m in Sources */ = {isa = PBXBuildFile; fileRef = 1D83E0141F8413E2009DF71E /* AZFBFriendsViewController.m */; };
		1D83E0201F8413E2009DF71E /* AZFBFriendsViewController.xib in Resources */ = {isa = PBXBuildFile; fileRef = 1D83E0151F8413E2009DF71E /* AZFBFriendsViewController.xib */; };
		1D83E0211F8413E2009DF71E /* AZFriendsView.m in Sources */ = {isa = PBXBuildFile; fileRef = 1D83E0171F8413E2009DF71E /* AZFriendsView.m */; };
		1D83E0221F8413E2009DF71E /* AZFBLoginViewController.m in Sources */ = {isa = PBXBuildFile; fileRef = 1D83E01A1F8413E2009DF71E /* AZFBLoginViewController.m */; };
		1D83E0231F8413E2009DF71E /* AZFBLoginViewController.xib in Resources */ = {isa = PBXBuildFile; fileRef = 1D83E01B1F8413E2009DF71E /* AZFBLoginViewController.xib */; };
		1D83E0261F84143E009DF71E /* AZViewController.m in Sources */ = {isa = PBXBuildFile; fileRef = 1D83E0251F84143E009DF71E /* AZViewController.m */; };
		6A4B335B65A85E03B213499A /* libPods-iOSApp.a in Frameworks */ = {isa = PBXBuildFile; fileRef = 83E3D191EACADFB6A1F9187A /* libPods-iOSApp.a */; };
/* End PBXBuildFile section */

/* Begin PBXFileReference section */
		1D2BD6691F3124FA00641E23 /* NSArray+AZExtension.h */ = {isa = PBXFileReference; fileEncoding = 4; lastKnownFileType = sourcecode.c.h; path = "NSArray+AZExtension.h"; sourceTree = "<group>"; };
		1D2BD66A1F3124FA00641E23 /* NSArray+AZExtension.m */ = {isa = PBXFileReference; fileEncoding = 4; lastKnownFileType = sourcecode.c.objc; path = "NSArray+AZExtension.m"; sourceTree = "<group>"; };
		1D2BD66C1F3124FA00641E23 /* NSBundle+AZExtension.h */ = {isa = PBXFileReference; fileEncoding = 4; lastKnownFileType = sourcecode.c.h; path = "NSBundle+AZExtension.h"; sourceTree = "<group>"; };
		1D2BD66D1F3124FA00641E23 /* NSBundle+AZExtension.m */ = {isa = PBXFileReference; fileEncoding = 4; lastKnownFileType = sourcecode.c.objc; path = "NSBundle+AZExtension.m"; sourceTree = "<group>"; };
		1D2BD66F1F3124FA00641E23 /* NSMutableArray+AZExtension.h */ = {isa = PBXFileReference; fileEncoding = 4; lastKnownFileType = sourcecode.c.h; path = "NSMutableArray+AZExtension.h"; sourceTree = "<group>"; };
		1D2BD6701F3124FA00641E23 /* NSMutableArray+AZExtension.m */ = {isa = PBXFileReference; fileEncoding = 4; lastKnownFileType = sourcecode.c.objc; path = "NSMutableArray+AZExtension.m"; sourceTree = "<group>"; };
		1D2BD6721F3124FA00641E23 /* NSString+AZRandomName.h */ = {isa = PBXFileReference; fileEncoding = 4; lastKnownFileType = sourcecode.c.h; path = "NSString+AZRandomName.h"; sourceTree = "<group>"; };
		1D2BD6731F3124FA00641E23 /* NSString+AZRandomName.m */ = {isa = PBXFileReference; fileEncoding = 4; lastKnownFileType = sourcecode.c.objc; path = "NSString+AZRandomName.m"; sourceTree = "<group>"; };
		1D2BD6741F3124FA00641E23 /* NSString+AZRandomString.h */ = {isa = PBXFileReference; fileEncoding = 4; lastKnownFileType = sourcecode.c.h; path = "NSString+AZRandomString.h"; sourceTree = "<group>"; };
		1D2BD6751F3124FA00641E23 /* NSString+AZRandomString.m */ = {isa = PBXFileReference; fileEncoding = 4; lastKnownFileType = sourcecode.c.objc; path = "NSString+AZRandomString.m"; sourceTree = "<group>"; };
		1D2BD6771F3124FA00641E23 /* UINib+AZExtension.h */ = {isa = PBXFileReference; fileEncoding = 4; lastKnownFileType = sourcecode.c.h; path = "UINib+AZExtension.h"; sourceTree = "<group>"; };
		1D2BD6781F3124FA00641E23 /* UINib+AZExtension.m */ = {isa = PBXFileReference; fileEncoding = 4; lastKnownFileType = sourcecode.c.objc; path = "UINib+AZExtension.m"; sourceTree = "<group>"; };
		1D2BD67A1F3124FA00641E23 /* UITableView+AZExtension.h */ = {isa = PBXFileReference; fileEncoding = 4; lastKnownFileType = sourcecode.c.h; path = "UITableView+AZExtension.h"; sourceTree = "<group>"; };
		1D2BD67B1F3124FA00641E23 /* UITableView+AZExtension.m */ = {isa = PBXFileReference; fileEncoding = 4; lastKnownFileType = sourcecode.c.objc; path = "UITableView+AZExtension.m"; sourceTree = "<group>"; };
		1D2BD67D1F3124FA00641E23 /* UIWindow+AZExtension.h */ = {isa = PBXFileReference; fileEncoding = 4; lastKnownFileType = sourcecode.c.h; path = "UIWindow+AZExtension.h"; sourceTree = "<group>"; };
		1D2BD67E1F3124FA00641E23 /* UIWindow+AZExtension.m */ = {isa = PBXFileReference; fileEncoding = 4; lastKnownFileType = sourcecode.c.objc; path = "UIWindow+AZExtension.m"; sourceTree = "<group>"; };
		1D46F2261F61AE0000ABD230 /* Bolts.framework */ = {isa = PBXFileReference; lastKnownFileType = wrapper.framework; name = Bolts.framework; path = ../../Documents/FacebookSDK/Bolts.framework; sourceTree = "<group>"; };
		1D46F2281F61AE0C00ABD230 /* FBSDKCoreKit.framework */ = {isa = PBXFileReference; lastKnownFileType = wrapper.framework; name = FBSDKCoreKit.framework; path = ../../Documents/FacebookSDK/FBSDKCoreKit.framework; sourceTree = "<group>"; };
		1D46F22A1F61AE1100ABD230 /* FBSDKLoginKit.framework */ = {isa = PBXFileReference; lastKnownFileType = wrapper.framework; name = FBSDKLoginKit.framework; path = ../../Documents/FacebookSDK/FBSDKLoginKit.framework; sourceTree = "<group>"; };
		1D46F22C1F61AE1700ABD230 /* FBSDKShareKit.framework */ = {isa = PBXFileReference; lastKnownFileType = wrapper.framework; name = FBSDKShareKit.framework; path = ../../Documents/FacebookSDK/FBSDKShareKit.framework; sourceTree = "<group>"; };
		1D5B4A421F05A93800E14BEA /* iOSApp.app */ = {isa = PBXFileReference; explicitFileType = wrapper.application; includeInIndex = 0; path = iOSApp.app; sourceTree = BUILT_PRODUCTS_DIR; };
		1D5B4A601F05B0D700E14BEA /* Info.plist */ = {isa = PBXFileReference; fileEncoding = 4; lastKnownFileType = text.plist.xml; path = Info.plist; sourceTree = "<group>"; };
		1D5B4A611F05B0D700E14BEA /* main.m */ = {isa = PBXFileReference; fileEncoding = 4; lastKnownFileType = sourcecode.c.objc; path = main.m; sourceTree = "<group>"; };
		1D5B4A651F05B0E200E14BEA /* Assets.xcassets */ = {isa = PBXFileReference; lastKnownFileType = folder.assetcatalog; path = Assets.xcassets; sourceTree = "<group>"; };
		1D5B4A671F05B0E200E14BEA /* Base */ = {isa = PBXFileReference; lastKnownFileType = file.storyboard; name = Base; path = Base.lproj/LaunchScreen.storyboard; sourceTree = "<group>"; };
		1D5B4A691F05B0E200E14BEA /* Base */ = {isa = PBXFileReference; lastKnownFileType = file.storyboard; name = Base; path = Base.lproj/Main.storyboard; sourceTree = "<group>"; };
		1D5D01E71F81368800367A65 /* AZContext.h */ = {isa = PBXFileReference; fileEncoding = 4; lastKnownFileType = sourcecode.c.h; path = AZContext.h; sourceTree = "<group>"; };
		1D5D01E81F81368800367A65 /* AZContext.m */ = {isa = PBXFileReference; fileEncoding = 4; lastKnownFileType = sourcecode.c.objc; path = AZContext.m; sourceTree = "<group>"; };
		1D5D01EA1F81368800367A65 /* AZFBDownloadFriendsContext.h */ = {isa = PBXFileReference; fileEncoding = 4; lastKnownFileType = sourcecode.c.h; path = AZFBDownloadFriendsContext.h; sourceTree = "<group>"; };
		1D5D01EB1F81368800367A65 /* AZFBDownloadFriendsContext.m */ = {isa = PBXFileReference; fileEncoding = 4; lastKnownFileType = sourcecode.c.objc; path = AZFBDownloadFriendsContext.m; sourceTree = "<group>"; };
		1D5D01ED1F81368800367A65 /* AZFBDownloadUserDetailsContext.h */ = {isa = PBXFileReference; fileEncoding = 4; lastKnownFileType = sourcecode.c.h; path = AZFBDownloadUserDetailsContext.h; sourceTree = "<group>"; };
		1D5D01EE1F81368800367A65 /* AZFBDownloadUserDetailsContext.m */ = {isa = PBXFileReference; fileEncoding = 4; lastKnownFileType = sourcecode.c.objc; path = AZFBDownloadUserDetailsContext.m; sourceTree = "<group>"; };
		1D5D01F01F81368800367A65 /* AZFBLoginContext.h */ = {isa = PBXFileReference; fileEncoding = 4; lastKnownFileType = sourcecode.c.h; path = AZFBLoginContext.h; sourceTree = "<group>"; };
		1D5D01F11F81368800367A65 /* AZFBLoginContext.m */ = {isa = PBXFileReference; fileEncoding = 4; lastKnownFileType = sourcecode.c.objc; path = AZFBLoginContext.m; sourceTree = "<group>"; };
		1D5D01F61F8136A400367A65 /* AZGetContext.h */ = {isa = PBXFileReference; fileEncoding = 4; lastKnownFileType = sourcecode.c.h; path = AZGetContext.h; sourceTree = "<group>"; };
		1D5D01F71F8136A400367A65 /* AZGetContext.m */ = {isa = PBXFileReference; fileEncoding = 4; lastKnownFileType = sourcecode.c.objc; path = AZGetContext.m; sourceTree = "<group>"; };
		1D5D021C1F813A0000367A65 /* AZArrayModel.h */ = {isa = PBXFileReference; fileEncoding = 4; lastKnownFileType = sourcecode.c.h; path = AZArrayModel.h; sourceTree = "<group>"; };
		1D5D021D1F813A0000367A65 /* AZArrayModel.m */ = {isa = PBXFileReference; fileEncoding = 4; lastKnownFileType = sourcecode.c.objc; path = AZArrayModel.m; sourceTree = "<group>"; };
		1D5D021F1F813A0000367A65 /* AZArrayModelChange.h */ = {isa = PBXFileReference; fileEncoding = 4; lastKnownFileType = sourcecode.c.h; path = AZArrayModelChange.h; sourceTree = "<group>"; };
		1D5D02201F813A0000367A65 /* AZArrayModelChange.m */ = {isa = PBXFileReference; fileEncoding = 4; lastKnownFileType = sourcecode.c.objc; path = AZArrayModelChange.m; sourceTree = "<group>"; };
		1D5D02221F813A0000367A65 /* AZArrayModelAddChange.h */ = {isa = PBXFileReference; fileEncoding = 4; lastKnownFileType = sourcecode.c.h; path = AZArrayModelAddChange.h; sourceTree = "<group>"; };
		1D5D02231F813A0000367A65 /* AZArrayModelAddChange.m */ = {isa = PBXFileReference; fileEncoding = 4; lastKnownFileType = sourcecode.c.objc; path = AZArrayModelAddChange.m; sourceTree = "<group>"; };
		1D5D02241F813A0000367A65 /* AZArrayModelEditChange.h */ = {isa = PBXFileReference; fileEncoding = 4; lastKnownFileType = sourcecode.c.h; path = AZArrayModelEditChange.h; sourceTree = "<group>"; };
		1D5D02251F813A0000367A65 /* AZArrayModelEditChange.m */ = {isa = PBXFileReference; fileEncoding = 4; lastKnownFileType = sourcecode.c.objc; path = AZArrayModelEditChange.m; sourceTree = "<group>"; };
		1D5D02261F813A0000367A65 /* AZArrayModelMoveChange.h */ = {isa = PBXFileReference; fileEncoding = 4; lastKnownFileType = sourcecode.c.h; path = AZArrayModelMoveChange.h; sourceTree = "<group>"; };
		1D5D02271F813A0000367A65 /* AZArrayModelMoveChange.m */ = {isa = PBXFileReference; fileEncoding = 4; lastKnownFileType = sourcecode.c.objc; path = AZArrayModelMoveChange.m; sourceTree = "<group>"; };
		1D5D02281F813A0000367A65 /* AZArrayModelRemoveChange.h */ = {isa = PBXFileReference; fileEncoding = 4; lastKnownFileType = sourcecode.c.h; path = AZArrayModelRemoveChange.h; sourceTree = "<group>"; };
		1D5D02291F813A0000367A65 /* AZArrayModelRemoveChange.m */ = {isa = PBXFileReference; fileEncoding = 4; lastKnownFileType = sourcecode.c.objc; path = AZArrayModelRemoveChange.m; sourceTree = "<group>"; };
		1D5D022C1F813A0000367A65 /* AZFBUsersModel.h */ = {isa = PBXFileReference; fileEncoding = 4; lastKnownFileType = sourcecode.c.h; path = AZFBUsersModel.h; sourceTree = "<group>"; };
		1D5D022D1F813A0000367A65 /* AZFBUsersModel.m */ = {isa = PBXFileReference; fileEncoding = 4; lastKnownFileType = sourcecode.c.objc; path = AZFBUsersModel.m; sourceTree = "<group>"; };
		1D5D022E1F813A0000367A65 /* AZUsersModel.h */ = {isa = PBXFileReference; fileEncoding = 4; lastKnownFileType = sourcecode.c.h; path = AZUsersModel.h; sourceTree = "<group>"; };
		1D5D022F1F813A0000367A65 /* AZUsersModel.m */ = {isa = PBXFileReference; fileEncoding = 4; lastKnownFileType = sourcecode.c.objc; path = AZUsersModel.m; sourceTree = "<group>"; };
		1D5D02321F813A0000367A65 /* AZFileSystemImageModel.h */ = {isa = PBXFileReference; fileEncoding = 4; lastKnownFileType = sourcecode.c.h; path = AZFileSystemImageModel.h; sourceTree = "<group>"; };
		1D5D02331F813A0000367A65 /* AZFileSystemImageModel.m */ = {isa = PBXFileReference; fileEncoding = 4; lastKnownFileType = sourcecode.c.objc; path = AZFileSystemImageModel.m; sourceTree = "<group>"; };
		1D5D02341F813A0000367A65 /* AZImageModel.h */ = {isa = PBXFileReference; fileEncoding = 4; lastKnownFileType = sourcecode.c.h; path = AZImageModel.h; sourceTree = "<group>"; };
		1D5D02351F813A0000367A65 /* AZImageModel.m */ = {isa = PBXFileReference; fileEncoding = 4; lastKnownFileType = sourcecode.c.objc; path = AZImageModel.m; sourceTree = "<group>"; };
		1D5D02371F813A0000367A65 /* AZInternetImageModel.h */ = {isa = PBXFileReference; fileEncoding = 4; lastKnownFileType = sourcecode.c.h; path = AZInternetImageModel.h; sourceTree = "<group>"; };
		1D5D02381F813A0000367A65 /* AZInternetImageModel.m */ = {isa = PBXFileReference; fileEncoding = 4; lastKnownFileType = sourcecode.c.objc; path = AZInternetImageModel.m; sourceTree = "<group>"; };
		1D5D02391F813A0000367A65 /* AZModel.h */ = {isa = PBXFileReference; fileEncoding = 4; lastKnownFileType = sourcecode.c.h; path = AZModel.h; sourceTree = "<group>"; };
		1D5D023A1F813A0000367A65 /* AZModel.m */ = {isa = PBXFileReference; fileEncoding = 4; lastKnownFileType = sourcecode.c.objc; path = AZModel.m; sourceTree = "<group>"; };
		1D5D023C1F813A0000367A65 /* AZUserModel.h */ = {isa = PBXFileReference; fileEncoding = 4; lastKnownFileType = sourcecode.c.h; path = AZUserModel.h; sourceTree = "<group>"; };
		1D5D023D1F813A0000367A65 /* AZUserModel.m */ = {isa = PBXFileReference; fileEncoding = 4; lastKnownFileType = sourcecode.c.objc; path = AZUserModel.m; sourceTree = "<group>"; };
		1D5D023F1F813A0000367A65 /* AZFBUserModel.h */ = {isa = PBXFileReference; fileEncoding = 4; lastKnownFileType = sourcecode.c.h; path = AZFBUserModel.h; sourceTree = "<group>"; };
		1D5D02401F813A0000367A65 /* AZFBUserModel.m */ = {isa = PBXFileReference; fileEncoding = 4; lastKnownFileType = sourcecode.c.objc; path = AZFBUserModel.m; sourceTree = "<group>"; };
		1D5D02621F813ACB00367A65 /* AZSquareView.h */ = {isa = PBXFileReference; fileEncoding = 4; lastKnownFileType = sourcecode.c.h; path = AZSquareView.h; sourceTree = "<group>"; };
		1D5D02631F813ACB00367A65 /* AZSquareView.m */ = {isa = PBXFileReference; fileEncoding = 4; lastKnownFileType = sourcecode.c.objc; path = AZSquareView.m; sourceTree = "<group>"; };
		1D5D02641F813ACB00367A65 /* AZSquareViewController.h */ = {isa = PBXFileReference; fileEncoding = 4; lastKnownFileType = sourcecode.c.h; path = AZSquareViewController.h; sourceTree = "<group>"; };
		1D5D02651F813ACB00367A65 /* AZSquareViewController.m */ = {isa = PBXFileReference; fileEncoding = 4; lastKnownFileType = sourcecode.c.objc; path = AZSquareViewController.m; sourceTree = "<group>"; };
		1D5D02661F813ACB00367A65 /* AZSquareViewController.xib */ = {isa = PBXFileReference; fileEncoding = 4; lastKnownFileType = file.xib; path = AZSquareViewController.xib; sourceTree = "<group>"; };
		1D5D02681F813ACB00367A65 /* AZUserCell.h */ = {isa = PBXFileReference; fileEncoding = 4; lastKnownFileType = sourcecode.c.h; path = AZUserCell.h; sourceTree = "<group>"; };
		1D5D02691F813ACB00367A65 /* AZUserCell.m */ = {isa = PBXFileReference; fileEncoding = 4; lastKnownFileType = sourcecode.c.objc; path = AZUserCell.m; sourceTree = "<group>"; };
		1D5D026A1F813ACB00367A65 /* AZUserCell.xib */ = {isa = PBXFileReference; fileEncoding = 4; lastKnownFileType = file.xib; path = AZUserCell.xib; sourceTree = "<group>"; };
		1D5D026B1F813ACB00367A65 /* AZUsersView.h */ = {isa = PBXFileReference; fileEncoding = 4; lastKnownFileType = sourcecode.c.h; path = AZUsersView.h; sourceTree = "<group>"; };
		1D5D026C1F813ACB00367A65 /* AZUsersView.m */ = {isa = PBXFileReference; fileEncoding = 4; lastKnownFileType = sourcecode.c.objc; path = AZUsersView.m; sourceTree = "<group>"; };
		1D5D026D1F813ACB00367A65 /* AZUsersViewController.h */ = {isa = PBXFileReference; fileEncoding = 4; lastKnownFileType = sourcecode.c.h; path = AZUsersViewController.h; sourceTree = "<group>"; };
		1D5D026E1F813ACB00367A65 /* AZUsersViewController.m */ = {isa = PBXFileReference; fileEncoding = 4; lastKnownFileType = sourcecode.c.objc; path = AZUsersViewController.m; sourceTree = "<group>"; };
		1D5D026F1F813ACB00367A65 /* AZUsersViewController.xib */ = {isa = PBXFileReference; fileEncoding = 4; lastKnownFileType = file.xib; path = AZUsersViewController.xib; sourceTree = "<group>"; };
		1D5D02911F813B1B00367A65 /* AZFBUserModelCashe.h */ = {isa = PBXFileReference; fileEncoding = 4; lastKnownFileType = sourcecode.c.h; path = AZFBUserModelCashe.h; sourceTree = "<group>"; };
		1D5D02921F813B1B00367A65 /* AZFBUserModelCashe.m */ = {isa = PBXFileReference; fileEncoding = 4; lastKnownFileType = sourcecode.c.objc; path = AZFBUserModelCashe.m; sourceTree = "<group>"; };
		1D5D02931F813B1B00367A65 /* AZImageModelCache.h */ = {isa = PBXFileReference; fileEncoding = 4; lastKnownFileType = sourcecode.c.h; path = AZImageModelCache.h; sourceTree = "<group>"; };
		1D5D02941F813B1B00367A65 /* AZImageModelCache.m */ = {isa = PBXFileReference; fileEncoding = 4; lastKnownFileType = sourcecode.c.objc; path = AZImageModelCache.m; sourceTree = "<group>"; };
		1D5D02961F813B1B00367A65 /* AZDispatcher.h */ = {isa = PBXFileReference; fileEncoding = 4; lastKnownFileType = sourcecode.c.h; path = AZDispatcher.h; sourceTree = "<group>"; };
		1D5D02971F813B1B00367A65 /* AZDispatcher.m */ = {isa = PBXFileReference; fileEncoding = 4; lastKnownFileType = sourcecode.c.objc; path = AZDispatcher.m; sourceTree = "<group>"; };
		1D5D02991F813B1B00367A65 /* AZGCD.h */ = {isa = PBXFileReference; fileEncoding = 4; lastKnownFileType = sourcecode.c.h; path = AZGCD.h; sourceTree = "<group>"; };
		1D5D029A1F813B1B00367A65 /* AZGCD.m */ = {isa = PBXFileReference; fileEncoding = 4; lastKnownFileType = sourcecode.c.objc; path = AZGCD.m; sourceTree = "<group>"; };
		1D5D029C1F813B1B00367A65 /* AZObservableObject.h */ = {isa = PBXFileReference; fileEncoding = 4; lastKnownFileType = sourcecode.c.h; path = AZObservableObject.h; sourceTree = "<group>"; };
		1D5D029D1F813B1B00367A65 /* AZObservableObject.m */ = {isa = PBXFileReference; fileEncoding = 4; lastKnownFileType = sourcecode.c.objc; path = AZObservableObject.m; sourceTree = "<group>"; };
		1D5D029F1F813B1B00367A65 /* AZAssignReference.h */ = {isa = PBXFileReference; fileEncoding = 4; lastKnownFileType = sourcecode.c.h; path = AZAssignReference.h; sourceTree = "<group>"; };
		1D5D02A01F813B1B00367A65 /* AZAssignReference.m */ = {isa = PBXFileReference; fileEncoding = 4; lastKnownFileType = sourcecode.c.objc; path = AZAssignReference.m; sourceTree = "<group>"; };
		1D5D02A11F813B1B00367A65 /* AZAssignRererenceWithSelector.h */ = {isa = PBXFileReference; fileEncoding = 4; lastKnownFileType = sourcecode.c.h; path = AZAssignRererenceWithSelector.h; sourceTree = "<group>"; };
		1D5D02A21F813B1B00367A65 /* AZAssignRererenceWithSelector.m */ = {isa = PBXFileReference; fileEncoding = 4; lastKnownFileType = sourcecode.c.objc; path = AZAssignRererenceWithSelector.m; sourceTree = "<group>"; };
		1D5D02A41F813B1B00367A65 /* AZTableViewCell.h */ = {isa = PBXFileReference; fileEncoding = 4; lastKnownFileType = sourcecode.c.h; path = AZTableViewCell.h; sourceTree = "<group>"; };
		1D5D02A51F813B1B00367A65 /* AZTableViewCell.m */ = {isa = PBXFileReference; fileEncoding = 4; lastKnownFileType = sourcecode.c.objc; path = AZTableViewCell.m; sourceTree = "<group>"; };
		1D5D02B01F813B5B00367A65 /* AZImageView.h */ = {isa = PBXFileReference; fileEncoding = 4; lastKnownFileType = sourcecode.c.h; path = AZImageView.h; sourceTree = "<group>"; };
		1D5D02B11F813B5B00367A65 /* AZImageView.m */ = {isa = PBXFileReference; fileEncoding = 4; lastKnownFileType = sourcecode.c.objc; path = AZImageView.m; sourceTree = "<group>"; };
		1D5D02B31F813B5B00367A65 /* AZLoadingView.h */ = {isa = PBXFileReference; fileEncoding = 4; lastKnownFileType = sourcecode.c.h; path = AZLoadingView.h; sourceTree = "<group>"; };
		1D5D02B41F813B5B00367A65 /* AZLoadingView.m */ = {isa = PBXFileReference; fileEncoding = 4; lastKnownFileType = sourcecode.c.objc; path = AZLoadingView.m; sourceTree = "<group>"; };
		1D5D02B51F813B5B00367A65 /* AZLoadingView.xib */ = {isa = PBXFileReference; fileEncoding = 4; lastKnownFileType = file.xib; path = AZLoadingView.xib; sourceTree = "<group>"; };
		1D5D02B71F813B5B00367A65 /* AZView.h */ = {isa = PBXFileReference; fileEncoding = 4; lastKnownFileType = sourcecode.c.h; path = AZView.h; sourceTree = "<group>"; };
		1D5D02B81F813B5B00367A65 /* AZView.m */ = {isa = PBXFileReference; fileEncoding = 4; lastKnownFileType = sourcecode.c.objc; path = AZView.m; sourceTree = "<group>"; };
		1D5D02BD1F813BFE00367A65 /* AZViewConstants.h */ = {isa = PBXFileReference; lastKnownFileType = sourcecode.c.h; name = AZViewConstants.h; path = Utils/AZViewConstants.h; sourceTree = "<group>"; };
		1D5D02BF1F813FF100367A65 /* NSURL+AZExtension.h */ = {isa = PBXFileReference; fileEncoding = 4; lastKnownFileType = sourcecode.c.h; path = "NSURL+AZExtension.h"; sourceTree = "<group>"; };
		1D5D02C01F813FF100367A65 /* NSURL+AZExtension.m */ = {isa = PBXFileReference; fileEncoding = 4; lastKnownFileType = sourcecode.c.objc; path = "NSURL+AZExtension.m"; sourceTree = "<group>"; };
		1D5D49B21F1BA001003AEA36 /* Image.jpg */ = {isa = PBXFileReference; lastKnownFileType = image.jpeg; path = Image.jpg; sourceTree = "<group>"; };
		1D63569F1F154C3800EFDA40 /* AZMacros.h */ = {isa = PBXFileReference; fileEncoding = 4; lastKnownFileType = sourcecode.c.h; name = AZMacros.h; path = Utils/AZMacros.h; sourceTree = "<group>"; };
		1D74D98D1F7994E400849F19 /* NSString+AZExtension.h */ = {isa = PBXFileReference; fileEncoding = 4; lastKnownFileType = sourcecode.c.h; path = "NSString+AZExtension.h"; sourceTree = "<group>"; };
		1D74D98E1F7994E400849F19 /* NSString+AZExtension.m */ = {isa = PBXFileReference; fileEncoding = 4; lastKnownFileType = sourcecode.c.objc; path = "NSString+AZExtension.m"; sourceTree = "<group>"; };
		1D77AF4A1F1423F90069E27F /* AZRandomNumber.h */ = {isa = PBXFileReference; fileEncoding = 4; lastKnownFileType = sourcecode.c.h; name = AZRandomNumber.h; path = Utils/AZRandomNumber.h; sourceTree = "<group>"; };
		1D77AF4B1F1423F90069E27F /* AZRandomNumber.m */ = {isa = PBXFileReference; fileEncoding = 4; lastKnownFileType = sourcecode.c.objc; name = AZRandomNumber.m; path = Utils/AZRandomNumber.m; sourceTree = "<group>"; };
		1D77AF4F1F142BF70069E27F /* AZRange.h */ = {isa = PBXFileReference; fileEncoding = 4; lastKnownFileType = sourcecode.c.h; name = AZRange.h; path = Utils/AZRange.h; sourceTree = "<group>"; };
		1D77AF501F142BF70069E27F /* AZRange.m */ = {isa = PBXFileReference; fileEncoding = 4; lastKnownFileType = sourcecode.c.objc; name = AZRange.m; path = Utils/AZRange.m; sourceTree = "<group>"; };
		1D8307071F0C30A200409B09 /* AZAppDelegate.h */ = {isa = PBXFileReference; fileEncoding = 4; lastKnownFileType = sourcecode.c.h; path = AZAppDelegate.h; sourceTree = "<group>"; };
		1D8307081F0C30A200409B09 /* AZAppDelegate.m */ = {isa = PBXFileReference; fileEncoding = 4; lastKnownFileType = sourcecode.c.objc; path = AZAppDelegate.m; sourceTree = "<group>"; };
		1D83E00D1F8413E2009DF71E /* AZFBUserViewController.h */ = {isa = PBXFileReference; fileEncoding = 4; lastKnownFileType = sourcecode.c.h; path = AZFBUserViewController.h; sourceTree = "<group>"; };
		1D83E00E1F8413E2009DF71E /* AZFBUserViewController.m */ = {isa = PBXFileReference; fileEncoding = 4; lastKnownFileType = sourcecode.c.objc; path = AZFBUserViewController.m; sourceTree = "<group>"; };
		1D83E00F1F8413E2009DF71E /* AZFBUserViewController.xib */ = {isa = PBXFileReference; fileEncoding = 4; lastKnownFileType = file.xib; path = AZFBUserViewController.xib; sourceTree = "<group>"; };
		1D83E0101F8413E2009DF71E /* AZFriendView.h */ = {isa = PBXFileReference; fileEncoding = 4; lastKnownFileType = sourcecode.c.h; path = AZFriendView.h; sourceTree = "<group>"; };
		1D83E0111F8413E2009DF71E /* AZFriendView.m */ = {isa = PBXFileReference; fileEncoding = 4; lastKnownFileType = sourcecode.c.objc; path = AZFriendView.m; sourceTree = "<group>"; };
		1D83E0131F8413E2009DF71E /* AZFBFriendsViewController.h */ = {isa = PBXFileReference; fileEncoding = 4; lastKnownFileType = sourcecode.c.h; path = AZFBFriendsViewController.h; sourceTree = "<group>"; };
		1D83E0141F8413E2009DF71E /* AZFBFriendsViewController.m */ = {isa = PBXFileReference; fileEncoding = 4; lastKnownFileType = sourcecode.c.objc; path = AZFBFriendsViewController.m; sourceTree = "<group>"; };
		1D83E0151F8413E2009DF71E /* AZFBFriendsViewController.xib */ = {isa = PBXFileReference; fileEncoding = 4; lastKnownFileType = file.xib; path = AZFBFriendsViewController.xib; sourceTree = "<group>"; };
		1D83E0161F8413E2009DF71E /* AZFriendsView.h */ = {isa = PBXFileReference; fileEncoding = 4; lastKnownFileType = sourcecode.c.h; path = AZFriendsView.h; sourceTree = "<group>"; };
		1D83E0171F8413E2009DF71E /* AZFriendsView.m */ = {isa = PBXFileReference; fileEncoding = 4; lastKnownFileType = sourcecode.c.objc; path = AZFriendsView.m; sourceTree = "<group>"; };
		1D83E0191F8413E2009DF71E /* AZFBLoginViewController.h */ = {isa = PBXFileReference; fileEncoding = 4; lastKnownFileType = sourcecode.c.h; path = AZFBLoginViewController.h; sourceTree = "<group>"; };
		1D83E01A1F8413E2009DF71E /* AZFBLoginViewController.m */ = {isa = PBXFileReference; fileEncoding = 4; lastKnownFileType = sourcecode.c.objc; path = AZFBLoginViewController.m; sourceTree = "<group>"; };
		1D83E01B1F8413E2009DF71E /* AZFBLoginViewController.xib */ = {isa = PBXFileReference; fileEncoding = 4; lastKnownFileType = file.xib; path = AZFBLoginViewController.xib; sourceTree = "<group>"; };
		1D83E0241F84143E009DF71E /* AZViewController.h */ = {isa = PBXFileReference; fileEncoding = 4; lastKnownFileType = sourcecode.c.h; path = AZViewController.h; sourceTree = "<group>"; };
		1D83E0251F84143E009DF71E /* AZViewController.m */ = {isa = PBXFileReference; fileEncoding = 4; lastKnownFileType = sourcecode.c.objc; path = AZViewController.m; sourceTree = "<group>"; };
		4C0A4B828E3B838C82DF99A2 /* Pods-iOSApp.debug.xcconfig */ = {isa = PBXFileReference; includeInIndex = 1; lastKnownFileType = text.xcconfig; name = "Pods-iOSApp.debug.xcconfig"; path = "Pods/Target Support Files/Pods-iOSApp/Pods-iOSApp.debug.xcconfig"; sourceTree = "<group>"; };
		83E3D191EACADFB6A1F9187A /* libPods-iOSApp.a */ = {isa = PBXFileReference; explicitFileType = archive.ar; includeInIndex = 0; path = "libPods-iOSApp.a"; sourceTree = BUILT_PRODUCTS_DIR; };
		BD4E0CAB0C936997215356FC /* Pods-iOSApp.release.xcconfig */ = {isa = PBXFileReference; includeInIndex = 1; lastKnownFileType = text.xcconfig; name = "Pods-iOSApp.release.xcconfig"; path = "Pods/Target Support Files/Pods-iOSApp/Pods-iOSApp.release.xcconfig"; sourceTree = "<group>"; };
/* End PBXFileReference section */

/* Begin PBXFrameworksBuildPhase section */
		1D5B4A3F1F05A93800E14BEA /* Frameworks */ = {
			isa = PBXFrameworksBuildPhase;
			buildActionMask = 2147483647;
			files = (
				6A4B335B65A85E03B213499A /* libPods-iOSApp.a in Frameworks */,
				1D46F2291F61AE0C00ABD230 /* FBSDKCoreKit.framework in Frameworks */,
				1D46F22D1F61AE1700ABD230 /* FBSDKShareKit.framework in Frameworks */,
				1D46F22B1F61AE1100ABD230 /* FBSDKLoginKit.framework in Frameworks */,
				1D46F2271F61AE0000ABD230 /* Bolts.framework in Frameworks */,
			);
			runOnlyForDeploymentPostprocessing = 0;
		};
/* End PBXFrameworksBuildPhase section */

/* Begin PBXGroup section */
		1D2BD6671F3124FA00641E23 /* Categories */ = {
			isa = PBXGroup;
			children = (
				1D2BD6681F3124FA00641E23 /* NSArray */,
				1D2BD66B1F3124FA00641E23 /* NSBundle */,
				1D2BD66E1F3124FA00641E23 /* NSMutableArray */,
				1D2BD6711F3124FA00641E23 /* NSString */,
				1D5D02BE1F813FD900367A65 /* NSURL */,
				1D2BD6761F3124FA00641E23 /* UINib */,
				1D2BD6791F3124FA00641E23 /* UITableView */,
				1D2BD67C1F3124FA00641E23 /* UIWindow */,
			);
			name = Categories;
			path = Utils/Categories;
			sourceTree = "<group>";
		};
		1D2BD6681F3124FA00641E23 /* NSArray */ = {
			isa = PBXGroup;
			children = (
				1D2BD6691F3124FA00641E23 /* NSArray+AZExtension.h */,
				1D2BD66A1F3124FA00641E23 /* NSArray+AZExtension.m */,
			);
			path = NSArray;
			sourceTree = "<group>";
		};
		1D2BD66B1F3124FA00641E23 /* NSBundle */ = {
			isa = PBXGroup;
			children = (
				1D2BD66C1F3124FA00641E23 /* NSBundle+AZExtension.h */,
				1D2BD66D1F3124FA00641E23 /* NSBundle+AZExtension.m */,
			);
			path = NSBundle;
			sourceTree = "<group>";
		};
		1D2BD66E1F3124FA00641E23 /* NSMutableArray */ = {
			isa = PBXGroup;
			children = (
				1D2BD66F1F3124FA00641E23 /* NSMutableArray+AZExtension.h */,
				1D2BD6701F3124FA00641E23 /* NSMutableArray+AZExtension.m */,
			);
			path = NSMutableArray;
			sourceTree = "<group>";
		};
		1D2BD6711F3124FA00641E23 /* NSString */ = {
			isa = PBXGroup;
			children = (
				1D2BD6721F3124FA00641E23 /* NSString+AZRandomName.h */,
				1D2BD6731F3124FA00641E23 /* NSString+AZRandomName.m */,
				1D2BD6741F3124FA00641E23 /* NSString+AZRandomString.h */,
				1D2BD6751F3124FA00641E23 /* NSString+AZRandomString.m */,
				1D74D98D1F7994E400849F19 /* NSString+AZExtension.h */,
				1D74D98E1F7994E400849F19 /* NSString+AZExtension.m */,
			);
			path = NSString;
			sourceTree = "<group>";
		};
		1D2BD6761F3124FA00641E23 /* UINib */ = {
			isa = PBXGroup;
			children = (
				1D2BD6771F3124FA00641E23 /* UINib+AZExtension.h */,
				1D2BD6781F3124FA00641E23 /* UINib+AZExtension.m */,
			);
			path = UINib;
			sourceTree = "<group>";
		};
		1D2BD6791F3124FA00641E23 /* UITableView */ = {
			isa = PBXGroup;
			children = (
				1D2BD67A1F3124FA00641E23 /* UITableView+AZExtension.h */,
				1D2BD67B1F3124FA00641E23 /* UITableView+AZExtension.m */,
			);
			path = UITableView;
			sourceTree = "<group>";
		};
		1D2BD67C1F3124FA00641E23 /* UIWindow */ = {
			isa = PBXGroup;
			children = (
				1D2BD67D1F3124FA00641E23 /* UIWindow+AZExtension.h */,
				1D2BD67E1F3124FA00641E23 /* UIWindow+AZExtension.m */,
			);
			path = UIWindow;
			sourceTree = "<group>";
		};
		1D583CEA1F100F07001B8732 /* Source */ = {
			isa = PBXGroup;
			children = (
				1D77AF491F1423EC0069E27F /* Utils */,
				1D5AEE4F1F44C7000035BC4F /* Models */,
				1D7BF2151F21140A00305FB2 /* UI */,
			);
			path = Source;
			sourceTree = "<group>";
		};
		1D5AEE4F1F44C7000035BC4F /* Models */ = {
			isa = PBXGroup;
			children = (
				1D5D021A1F813A0000367A65 /* AZModel */,
				1D5D01E61F81368800367A65 /* AZContext */,
			);
			path = Models;
			sourceTree = "<group>";
		};
		1D5B4A391F05A93800E14BEA = {
			isa = PBXGroup;
			children = (
				1D583CEA1F100F07001B8732 /* Source */,
				1D5B4A641F05B0E200E14BEA /* Resources */,
				1D5B4A5F1F05B0D700E14BEA /* iOSApp */,
				1D5B4A431F05A93800E14BEA /* Products */,
				6FF4CD2DD1003B7DA0220BA6 /* Pods */,
				AD0B79ACAAC73831465A3A0E /* Frameworks */,
			);
			sourceTree = "<group>";
		};
		1D5B4A431F05A93800E14BEA /* Products */ = {
			isa = PBXGroup;
			children = (
				1D5B4A421F05A93800E14BEA /* iOSApp.app */,
			);
			name = Products;
			sourceTree = "<group>";
		};
		1D5B4A5F1F05B0D700E14BEA /* iOSApp */ = {
			isa = PBXGroup;
			children = (
				1D8307071F0C30A200409B09 /* AZAppDelegate.h */,
				1D8307081F0C30A200409B09 /* AZAppDelegate.m */,
				1D5B4A601F05B0D700E14BEA /* Info.plist */,
				1D5B4A611F05B0D700E14BEA /* main.m */,
			);
			path = iOSApp;
			sourceTree = "<group>";
		};
		1D5B4A641F05B0E200E14BEA /* Resources */ = {
			isa = PBXGroup;
			children = (
				1D5D49B11F1BA001003AEA36 /* Images */,
				1D5B4A651F05B0E200E14BEA /* Assets.xcassets */,
				1D5B4A661F05B0E200E14BEA /* LaunchScreen.storyboard */,
				1D5B4A681F05B0E200E14BEA /* Main.storyboard */,
			);
			path = Resources;
			sourceTree = "<group>";
		};
		1D5D01E61F81368800367A65 /* AZContext */ = {
			isa = PBXGroup;
			children = (
				1D5D01E71F81368800367A65 /* AZContext.h */,
				1D5D01E81F81368800367A65 /* AZContext.m */,
				1D5D01F61F8136A400367A65 /* AZGetContext.h */,
				1D5D01F71F8136A400367A65 /* AZGetContext.m */,
				1D5D01E91F81368800367A65 /* AZFBDownloadFriendsCotext */,
				1D5D01EC1F81368800367A65 /* AZFBDownloadUserDetaillContext */,
				1D5D01EF1F81368800367A65 /* AZFBLoginContext */,
			);
			path = AZContext;
			sourceTree = "<group>";
		};
		1D5D01E91F81368800367A65 /* AZFBDownloadFriendsCotext */ = {
			isa = PBXGroup;
			children = (
				1D5D01EA1F81368800367A65 /* AZFBDownloadFriendsContext.h */,
				1D5D01EB1F81368800367A65 /* AZFBDownloadFriendsContext.m */,
			);
			path = AZFBDownloadFriendsCotext;
			sourceTree = "<group>";
		};
		1D5D01EC1F81368800367A65 /* AZFBDownloadUserDetaillContext */ = {
			isa = PBXGroup;
			children = (
				1D5D01ED1F81368800367A65 /* AZFBDownloadUserDetailsContext.h */,
				1D5D01EE1F81368800367A65 /* AZFBDownloadUserDetailsContext.m */,
			);
			path = AZFBDownloadUserDetaillContext;
			sourceTree = "<group>";
		};
		1D5D01EF1F81368800367A65 /* AZFBLoginContext */ = {
			isa = PBXGroup;
			children = (
				1D5D01F01F81368800367A65 /* AZFBLoginContext.h */,
				1D5D01F11F81368800367A65 /* AZFBLoginContext.m */,
			);
			path = AZFBLoginContext;
			sourceTree = "<group>";
		};
		1D5D021A1F813A0000367A65 /* AZModel */ = {
			isa = PBXGroup;
			children = (
				1D5D02391F813A0000367A65 /* AZModel.h */,
				1D5D023A1F813A0000367A65 /* AZModel.m */,
				1D5D023B1F813A0000367A65 /* AZUserModel */,
				1D5D02301F813A0000367A65 /* AZImageModel */,
				1D5D021B1F813A0000367A65 /* AZArrayModel */,
			);
			path = AZModel;
			sourceTree = "<group>";
		};
		1D5D021B1F813A0000367A65 /* AZArrayModel */ = {
			isa = PBXGroup;
			children = (
				1D5D021C1F813A0000367A65 /* AZArrayModel.h */,
				1D5D021D1F813A0000367A65 /* AZArrayModel.m */,
				1D5D021E1F813A0000367A65 /* AZArrayModelOptions */,
				1D5D022A1F813A0000367A65 /* AZUsersModel */,
			);
			path = AZArrayModel;
			sourceTree = "<group>";
		};
		1D5D021E1F813A0000367A65 /* AZArrayModelOptions */ = {
			isa = PBXGroup;
			children = (
				1D5D021F1F813A0000367A65 /* AZArrayModelChange.h */,
				1D5D02201F813A0000367A65 /* AZArrayModelChange.m */,
				1D5D02211F813A0000367A65 /* Private */,
			);
			path = AZArrayModelOptions;
			sourceTree = "<group>";
		};
		1D5D02211F813A0000367A65 /* Private */ = {
			isa = PBXGroup;
			children = (
				1D5D02221F813A0000367A65 /* AZArrayModelAddChange.h */,
				1D5D02231F813A0000367A65 /* AZArrayModelAddChange.m */,
				1D5D02241F813A0000367A65 /* AZArrayModelEditChange.h */,
				1D5D02251F813A0000367A65 /* AZArrayModelEditChange.m */,
				1D5D02261F813A0000367A65 /* AZArrayModelMoveChange.h */,
				1D5D02271F813A0000367A65 /* AZArrayModelMoveChange.m */,
				1D5D02281F813A0000367A65 /* AZArrayModelRemoveChange.h */,
				1D5D02291F813A0000367A65 /* AZArrayModelRemoveChange.m */,
			);
			path = Private;
			sourceTree = "<group>";
		};
		1D5D022A1F813A0000367A65 /* AZUsersModel */ = {
			isa = PBXGroup;
			children = (
				1D5D022B1F813A0000367A65 /* AZFBUsersModel */,
				1D5D022E1F813A0000367A65 /* AZUsersModel.h */,
				1D5D022F1F813A0000367A65 /* AZUsersModel.m */,
			);
			path = AZUsersModel;
			sourceTree = "<group>";
		};
		1D5D022B1F813A0000367A65 /* AZFBUsersModel */ = {
			isa = PBXGroup;
			children = (
				1D5D022C1F813A0000367A65 /* AZFBUsersModel.h */,
				1D5D022D1F813A0000367A65 /* AZFBUsersModel.m */,
			);
			path = AZFBUsersModel;
			sourceTree = "<group>";
		};
		1D5D02301F813A0000367A65 /* AZImageModel */ = {
			isa = PBXGroup;
			children = (
				1D5D02341F813A0000367A65 /* AZImageModel.h */,
				1D5D02351F813A0000367A65 /* AZImageModel.m */,
				1D5D02311F813A0000367A65 /* AZFileSystemImageModel */,
				1D5D02361F813A0000367A65 /* AZInternetImageModel */,
			);
			path = AZImageModel;
			sourceTree = "<group>";
		};
		1D5D02311F813A0000367A65 /* AZFileSystemImageModel */ = {
			isa = PBXGroup;
			children = (
				1D5D02321F813A0000367A65 /* AZFileSystemImageModel.h */,
				1D5D02331F813A0000367A65 /* AZFileSystemImageModel.m */,
			);
			path = AZFileSystemImageModel;
			sourceTree = "<group>";
		};
		1D5D02361F813A0000367A65 /* AZInternetImageModel */ = {
			isa = PBXGroup;
			children = (
				1D5D02371F813A0000367A65 /* AZInternetImageModel.h */,
				1D5D02381F813A0000367A65 /* AZInternetImageModel.m */,
			);
			path = AZInternetImageModel;
			sourceTree = "<group>";
		};
		1D5D023B1F813A0000367A65 /* AZUserModel */ = {
			isa = PBXGroup;
			children = (
				1D5D023C1F813A0000367A65 /* AZUserModel.h */,
				1D5D023D1F813A0000367A65 /* AZUserModel.m */,
				1D5D023E1F813A0000367A65 /* FBUserModel */,
			);
			path = AZUserModel;
			sourceTree = "<group>";
		};
		1D5D023E1F813A0000367A65 /* FBUserModel */ = {
			isa = PBXGroup;
			children = (
				1D5D023F1F813A0000367A65 /* AZFBUserModel.h */,
				1D5D02401F813A0000367A65 /* AZFBUserModel.m */,
			);
			path = FBUserModel;
			sourceTree = "<group>";
		};
		1D5D024F1F813ACB00367A65 /* Controllers */ = {
			isa = PBXGroup;
			children = (
				1D83E00A1F8413E2009DF71E /* AZViewController */,
				1D5D02611F813ACB00367A65 /* AZSquareController */,
				1D5D02671F813ACB00367A65 /* AZUsersController */,
			);
			path = Controllers;
			sourceTree = "<group>";
		};
		1D5D02611F813ACB00367A65 /* AZSquareController */ = {
			isa = PBXGroup;
			children = (
				1D5D02621F813ACB00367A65 /* AZSquareView.h */,
				1D5D02631F813ACB00367A65 /* AZSquareView.m */,
				1D5D02641F813ACB00367A65 /* AZSquareViewController.h */,
				1D5D02651F813ACB00367A65 /* AZSquareViewController.m */,
				1D5D02661F813ACB00367A65 /* AZSquareViewController.xib */,
			);
			path = AZSquareController;
			sourceTree = "<group>";
		};
		1D5D02671F813ACB00367A65 /* AZUsersController */ = {
			isa = PBXGroup;
			children = (
				1D5D02681F813ACB00367A65 /* AZUserCell.h */,
				1D5D02691F813ACB00367A65 /* AZUserCell.m */,
				1D5D026A1F813ACB00367A65 /* AZUserCell.xib */,
				1D5D026B1F813ACB00367A65 /* AZUsersView.h */,
				1D5D026C1F813ACB00367A65 /* AZUsersView.m */,
				1D5D026D1F813ACB00367A65 /* AZUsersViewController.h */,
				1D5D026E1F813ACB00367A65 /* AZUsersViewController.m */,
				1D5D026F1F813ACB00367A65 /* AZUsersViewController.xib */,
			);
			path = AZUsersController;
			sourceTree = "<group>";
		};
		1D5D028F1F813B1B00367A65 /* Classes */ = {
			isa = PBXGroup;
			children = (
				1D5D02901F813B1B00367A65 /* AZCashe */,
				1D5D02951F813B1B00367A65 /* AZDispatcher */,
				1D5D02981F813B1B00367A65 /* AZGCD */,
				1D5D029B1F813B1B00367A65 /* AZObserver */,
				1D5D029E1F813B1B00367A65 /* AZReferenceWrapper */,
				1D5D02A31F813B1B00367A65 /* AZTableViewCell */,
			);
			name = Classes;
			path = Utils/Classes;
			sourceTree = "<group>";
		};
		1D5D02901F813B1B00367A65 /* AZCashe */ = {
			isa = PBXGroup;
			children = (
				1D5D02911F813B1B00367A65 /* AZFBUserModelCashe.h */,
				1D5D02921F813B1B00367A65 /* AZFBUserModelCashe.m */,
				1D5D02931F813B1B00367A65 /* AZImageModelCache.h */,
				1D5D02941F813B1B00367A65 /* AZImageModelCache.m */,
			);
			path = AZCashe;
			sourceTree = "<group>";
		};
		1D5D02951F813B1B00367A65 /* AZDispatcher */ = {
			isa = PBXGroup;
			children = (
				1D5D02961F813B1B00367A65 /* AZDispatcher.h */,
				1D5D02971F813B1B00367A65 /* AZDispatcher.m */,
			);
			path = AZDispatcher;
			sourceTree = "<group>";
		};
		1D5D02981F813B1B00367A65 /* AZGCD */ = {
			isa = PBXGroup;
			children = (
				1D5D02991F813B1B00367A65 /* AZGCD.h */,
				1D5D029A1F813B1B00367A65 /* AZGCD.m */,
			);
			path = AZGCD;
			sourceTree = "<group>";
		};
		1D5D029B1F813B1B00367A65 /* AZObserver */ = {
			isa = PBXGroup;
			children = (
				1D5D029C1F813B1B00367A65 /* AZObservableObject.h */,
				1D5D029D1F813B1B00367A65 /* AZObservableObject.m */,
			);
			path = AZObserver;
			sourceTree = "<group>";
		};
		1D5D029E1F813B1B00367A65 /* AZReferenceWrapper */ = {
			isa = PBXGroup;
			children = (
				1D5D029F1F813B1B00367A65 /* AZAssignReference.h */,
				1D5D02A01F813B1B00367A65 /* AZAssignReference.m */,
				1D5D02A11F813B1B00367A65 /* AZAssignRererenceWithSelector.h */,
				1D5D02A21F813B1B00367A65 /* AZAssignRererenceWithSelector.m */,
			);
			path = AZReferenceWrapper;
			sourceTree = "<group>";
		};
		1D5D02A31F813B1B00367A65 /* AZTableViewCell */ = {
			isa = PBXGroup;
			children = (
				1D5D02A41F813B1B00367A65 /* AZTableViewCell.h */,
				1D5D02A51F813B1B00367A65 /* AZTableViewCell.m */,
			);
			path = AZTableViewCell;
			sourceTree = "<group>";
		};
		1D5D02AE1F813B5B00367A65 /* Views */ = {
			isa = PBXGroup;
			children = (
				1D5D02B61F813B5B00367A65 /* AZView */,
				1D5D02B21F813B5B00367A65 /* AZLoadingView */,
				1D5D02AF1F813B5B00367A65 /* AZImageView */,
			);
			path = Views;
			sourceTree = "<group>";
		};
		1D5D02AF1F813B5B00367A65 /* AZImageView */ = {
			isa = PBXGroup;
			children = (
				1D5D02B01F813B5B00367A65 /* AZImageView.h */,
				1D5D02B11F813B5B00367A65 /* AZImageView.m */,
			);
			path = AZImageView;
			sourceTree = "<group>";
		};
		1D5D02B21F813B5B00367A65 /* AZLoadingView */ = {
			isa = PBXGroup;
			children = (
				1D5D02B31F813B5B00367A65 /* AZLoadingView.h */,
				1D5D02B41F813B5B00367A65 /* AZLoadingView.m */,
				1D5D02B51F813B5B00367A65 /* AZLoadingView.xib */,
			);
			path = AZLoadingView;
			sourceTree = "<group>";
		};
		1D5D02B61F813B5B00367A65 /* AZView */ = {
			isa = PBXGroup;
			children = (
				1D5D02B71F813B5B00367A65 /* AZView.h */,
				1D5D02B81F813B5B00367A65 /* AZView.m */,
			);
			path = AZView;
			sourceTree = "<group>";
		};
		1D5D02BE1F813FD900367A65 /* NSURL */ = {
			isa = PBXGroup;
			children = (
				1D5D02BF1F813FF100367A65 /* NSURL+AZExtension.h */,
				1D5D02C01F813FF100367A65 /* NSURL+AZExtension.m */,
			);
			path = NSURL;
			sourceTree = "<group>";
		};
		1D5D49B11F1BA001003AEA36 /* Images */ = {
			isa = PBXGroup;
			children = (
				1D5D49B21F1BA001003AEA36 /* Image.jpg */,
			);
			path = Images;
			sourceTree = "<group>";
		};
		1D77AF491F1423EC0069E27F /* Utils */ = {
			isa = PBXGroup;
			children = (
				1D5D028F1F813B1B00367A65 /* Classes */,
				1D2BD6671F3124FA00641E23 /* Categories */,
				1D77AF4A1F1423F90069E27F /* AZRandomNumber.h */,
				1D77AF4B1F1423F90069E27F /* AZRandomNumber.m */,
				1D77AF4F1F142BF70069E27F /* AZRange.h */,
				1D77AF501F142BF70069E27F /* AZRange.m */,
				1D63569F1F154C3800EFDA40 /* AZMacros.h */,
				1D5D02BD1F813BFE00367A65 /* AZViewConstants.h */,
			);
			name = Utils;
			sourceTree = "<group>";
		};
		1D7BF2151F21140A00305FB2 /* UI */ = {
			isa = PBXGroup;
			children = (
				1D5D024F1F813ACB00367A65 /* Controllers */,
				1D5D02AE1F813B5B00367A65 /* Views */,
			);
			path = UI;
			sourceTree = "<group>";
		};
		1D83E00A1F8413E2009DF71E /* AZViewController */ = {
			isa = PBXGroup;
			children = (
				1D83E0241F84143E009DF71E /* AZViewController.h */,
				1D83E0251F84143E009DF71E /* AZViewController.m */,
				1D83E00B1F8413E2009DF71E /* AZFacebookViewController */,
			);
			path = AZViewController;
			sourceTree = "<group>";
		};
		1D83E00B1F8413E2009DF71E /* AZFacebookViewController */ = {
			isa = PBXGroup;
			children = (
				1D83E00C1F8413E2009DF71E /* AZFriendDetailViewController */,
				1D83E0121F8413E2009DF71E /* AZFriendsViewController */,
				1D83E0181F8413E2009DF71E /* AZLoginViewController */,
			);
			path = AZFacebookViewController;
			sourceTree = "<group>";
		};
		1D83E00C1F8413E2009DF71E /* AZFriendDetailViewController */ = {
			isa = PBXGroup;
			children = (
				1D83E00D1F8413E2009DF71E /* AZFBUserViewController.h */,
				1D83E00E1F8413E2009DF71E /* AZFBUserViewController.m */,
				1D83E00F1F8413E2009DF71E /* AZFBUserViewController.xib */,
				1D83E0101F8413E2009DF71E /* AZFriendView.h */,
				1D83E0111F8413E2009DF71E /* AZFriendView.m */,
			);
			path = AZFriendDetailViewController;
			sourceTree = "<group>";
		};
		1D83E0121F8413E2009DF71E /* AZFriendsViewController */ = {
			isa = PBXGroup;
			children = (
				1D83E0131F8413E2009DF71E /* AZFBFriendsViewController.h */,
				1D83E0141F8413E2009DF71E /* AZFBFriendsViewController.m */,
				1D83E0151F8413E2009DF71E /* AZFBFriendsViewController.xib */,
				1D83E0161F8413E2009DF71E /* AZFriendsView.h */,
				1D83E0171F8413E2009DF71E /* AZFriendsView.m */,
			);
			path = AZFriendsViewController;
			sourceTree = "<group>";
		};
		1D83E0181F8413E2009DF71E /* AZLoginViewController */ = {
			isa = PBXGroup;
			children = (
				1D83E0191F8413E2009DF71E /* AZFBLoginViewController.h */,
				1D83E01A1F8413E2009DF71E /* AZFBLoginViewController.m */,
				1D83E01B1F8413E2009DF71E /* AZFBLoginViewController.xib */,
			);
			path = AZLoginViewController;
			sourceTree = "<group>";
		};
		6FF4CD2DD1003B7DA0220BA6 /* Pods */ = {
			isa = PBXGroup;
			children = (
				4C0A4B828E3B838C82DF99A2 /* Pods-iOSApp.debug.xcconfig */,
				BD4E0CAB0C936997215356FC /* Pods-iOSApp.release.xcconfig */,
			);
			name = Pods;
			sourceTree = "<group>";
		};
		AD0B79ACAAC73831465A3A0E /* Frameworks */ = {
			isa = PBXGroup;
			children = (
				1D46F22C1F61AE1700ABD230 /* FBSDKShareKit.framework */,
				1D46F22A1F61AE1100ABD230 /* FBSDKLoginKit.framework */,
				1D46F2281F61AE0C00ABD230 /* FBSDKCoreKit.framework */,
				1D46F2261F61AE0000ABD230 /* Bolts.framework */,
				83E3D191EACADFB6A1F9187A /* libPods-iOSApp.a */,
			);
			name = Frameworks;
			sourceTree = "<group>";
		};
/* End PBXGroup section */

/* Begin PBXNativeTarget section */
		1D5B4A411F05A93800E14BEA /* iOSApp */ = {
			isa = PBXNativeTarget;
			buildConfigurationList = 1D5B4A591F05A93800E14BEA /* Build configuration list for PBXNativeTarget "iOSApp" */;
			buildPhases = (
				D562216A9B757DE7DC702DA7 /* [CP] Check Pods Manifest.lock */,
				1D5B4A3E1F05A93800E14BEA /* Sources */,
				1D5B4A3F1F05A93800E14BEA /* Frameworks */,
				1D5B4A401F05A93800E14BEA /* Resources */,
				19990015BAB093BABE15DE7B /* [CP] Embed Pods Frameworks */,
				11DCA60FCA4B99794E023F5F /* [CP] Copy Pods Resources */,
			);
			buildRules = (
			);
			dependencies = (
			);
			name = iOSApp;
			productName = iOSApp;
			productReference = 1D5B4A421F05A93800E14BEA /* iOSApp.app */;
			productType = "com.apple.product-type.application";
		};
/* End PBXNativeTarget section */

/* Begin PBXProject section */
		1D5B4A3A1F05A93800E14BEA /* Project object */ = {
			isa = PBXProject;
			attributes = {
				CLASSPREFIX = AZ;
				LastUpgradeCheck = 0820;
				ORGANIZATIONNAME = "Aleksey Zuiev";
				TargetAttributes = {
					1D5B4A411F05A93800E14BEA = {
						CreatedOnToolsVersion = 8.2.1;
						ProvisioningStyle = Automatic;
					};
				};
			};
			buildConfigurationList = 1D5B4A3D1F05A93800E14BEA /* Build configuration list for PBXProject "iOSApp" */;
			compatibilityVersion = "Xcode 3.2";
			developmentRegion = English;
			hasScannedForEncodings = 0;
			knownRegions = (
				en,
				Base,
			);
			mainGroup = 1D5B4A391F05A93800E14BEA;
			productRefGroup = 1D5B4A431F05A93800E14BEA /* Products */;
			projectDirPath = "";
			projectRoot = "";
			targets = (
				1D5B4A411F05A93800E14BEA /* iOSApp */,
			);
		};
/* End PBXProject section */

/* Begin PBXResourcesBuildPhase section */
		1D5B4A401F05A93800E14BEA /* Resources */ = {
			isa = PBXResourcesBuildPhase;
			buildActionMask = 2147483647;
			files = (
				1D5D027F1F813ACB00367A65 /* AZUsersViewController.xib in Resources */,
				1D5D027C1F813ACB00367A65 /* AZUserCell.xib in Resources */,
				1D5B4A6B1F05B0E200E14BEA /* LaunchScreen.storyboard in Resources */,
				1D5D49B31F1BA001003AEA36 /* Image.jpg in Resources */,
				1D83E0231F8413E2009DF71E /* AZFBLoginViewController.xib in Resources */,
				1D5B4A6A1F05B0E200E14BEA /* Assets.xcassets in Resources */,
				1D5D02BB1F813B5B00367A65 /* AZLoadingView.xib in Resources */,
				1D5D027A1F813ACB00367A65 /* AZSquareViewController.xib in Resources */,
				1D83E0201F8413E2009DF71E /* AZFBFriendsViewController.xib in Resources */,
				1D83E01D1F8413E2009DF71E /* AZFBUserViewController.xib in Resources */,
				1D5B4A6C1F05B0E200E14BEA /* Main.storyboard in Resources */,
			);
			runOnlyForDeploymentPostprocessing = 0;
		};
/* End PBXResourcesBuildPhase section */

/* Begin PBXShellScriptBuildPhase section */
		11DCA60FCA4B99794E023F5F /* [CP] Copy Pods Resources */ = {
			isa = PBXShellScriptBuildPhase;
			buildActionMask = 2147483647;
			files = (
			);
			inputPaths = (
			);
			name = "[CP] Copy Pods Resources";
			outputPaths = (
			);
			runOnlyForDeploymentPostprocessing = 0;
			shellPath = /bin/sh;
			shellScript = "\"${SRCROOT}/Pods/Target Support Files/Pods-iOSApp/Pods-iOSApp-resources.sh\"\n";
			showEnvVarsInLog = 0;
		};
		19990015BAB093BABE15DE7B /* [CP] Embed Pods Frameworks */ = {
			isa = PBXShellScriptBuildPhase;
			buildActionMask = 2147483647;
			files = (
			);
			inputPaths = (
			);
			name = "[CP] Embed Pods Frameworks";
			outputPaths = (
			);
			runOnlyForDeploymentPostprocessing = 0;
			shellPath = /bin/sh;
			shellScript = "\"${SRCROOT}/Pods/Target Support Files/Pods-iOSApp/Pods-iOSApp-frameworks.sh\"\n";
			showEnvVarsInLog = 0;
		};
		D562216A9B757DE7DC702DA7 /* [CP] Check Pods Manifest.lock */ = {
			isa = PBXShellScriptBuildPhase;
			buildActionMask = 2147483647;
			files = (
			);
			inputPaths = (
			);
			name = "[CP] Check Pods Manifest.lock";
			outputPaths = (
			);
			runOnlyForDeploymentPostprocessing = 0;
			shellPath = /bin/sh;
			shellScript = "diff \"${PODS_PODFILE_DIR_PATH}/Podfile.lock\" \"${PODS_ROOT}/Manifest.lock\" > /dev/null\nif [ $? != 0 ] ; then\n    # print error to STDERR\n    echo \"error: The sandbox is not in sync with the Podfile.lock. Run 'pod install' or update your CocoaPods installation.\" >&2\n    exit 1\nfi\n";
			showEnvVarsInLog = 0;
		};
/* End PBXShellScriptBuildPhase section */

/* Begin PBXSourcesBuildPhase section */
		1D5B4A3E1F05A93800E14BEA /* Sources */ = {
			isa = PBXSourcesBuildPhase;
			buildActionMask = 2147483647;
			files = (
				1D2BD6851F3124FA00641E23 /* UITableView+AZExtension.m in Sources */,
				1D5D027B1F813ACB00367A65 /* AZUserCell.m in Sources */,
				1D5D02781F813ACB00367A65 /* AZSquareView.m in Sources */,
				1D8307091F0C30A200409B09 /* AZAppDelegate.m in Sources */,
				1D5D02461F813A0000367A65 /* AZArrayModelRemoveChange.m in Sources */,
				1D2BD67F1F3124FA00641E23 /* NSArray+AZExtension.m in Sources */,
				1D2BD6841F3124FA00641E23 /* UINib+AZExtension.m in Sources */,
				1D77AF4C1F1423F90069E27F /* AZRandomNumber.m in Sources */,
				1D5D02AC1F813B1B00367A65 /* AZAssignRererenceWithSelector.m in Sources */,
				1D83E0261F84143E009DF71E /* AZViewController.m in Sources */,
				1D5D02C11F813FF100367A65 /* NSURL+AZExtension.m in Sources */,
				1D5D02411F813A0000367A65 /* AZArrayModel.m in Sources */,
				1D5D02A81F813B1B00367A65 /* AZDispatcher.m in Sources */,
				1D5D02A71F813B1B00367A65 /* AZImageModelCache.m in Sources */,
				1D83E0221F8413E2009DF71E /* AZFBLoginViewController.m in Sources */,
				1D5D02BC1F813B5B00367A65 /* AZView.m in Sources */,
				1D5D027D1F813ACB00367A65 /* AZUsersView.m in Sources */,
				1D5D02421F813A0000367A65 /* AZArrayModelChange.m in Sources */,
				1D2BD6861F3124FA00641E23 /* UIWindow+AZExtension.m in Sources */,
				1D74D98F1F7994E400849F19 /* NSString+AZExtension.m in Sources */,
				1D5D027E1F813ACB00367A65 /* AZUsersViewController.m in Sources */,
				1D83E01F1F8413E2009DF71E /* AZFBFriendsViewController.m in Sources */,
				1D5D02A91F813B1B00367A65 /* AZGCD.m in Sources */,
				1D5D024E1F813A0000367A65 /* AZFBUserModel.m in Sources */,
				1D5D02451F813A0000367A65 /* AZArrayModelMoveChange.m in Sources */,
				1D5D024D1F813A0000367A65 /* AZUserModel.m in Sources */,
				1D5D02BA1F813B5B00367A65 /* AZLoadingView.m in Sources */,
				1D2BD6801F3124FA00641E23 /* NSBundle+AZExtension.m in Sources */,
				1D5B4A631F05B0D700E14BEA /* main.m in Sources */,
				1D5D02AA1F813B1B00367A65 /* AZObservableObject.m in Sources */,
				1D5D024B1F813A0000367A65 /* AZInternetImageModel.m in Sources */,
				1D2BD6811F3124FA00641E23 /* NSMutableArray+AZExtension.m in Sources */,
				1D5D02441F813A0000367A65 /* AZArrayModelEditChange.m in Sources */,
				1D2BD6821F3124FA00641E23 /* NSString+AZRandomName.m in Sources */,
				1D77AF511F142BF70069E27F /* AZRange.m in Sources */,
				1D5D024A1F813A0000367A65 /* AZImageModel.m in Sources */,
				1D5D02B91F813B5B00367A65 /* AZImageView.m in Sources */,
				1D5D02491F813A0000367A65 /* AZFileSystemImageModel.m in Sources */,
				1D5D024C1F813A0000367A65 /* AZModel.m in Sources */,
				1D5D01F31F81368800367A65 /* AZFBDownloadFriendsContext.m in Sources */,
				1D5D01F81F8136A400367A65 /* AZGetContext.m in Sources */,
				1D5D02431F813A0000367A65 /* AZArrayModelAddChange.m in Sources */,
				1D5D02A61F813B1B00367A65 /* AZFBUserModelCashe.m in Sources */,
				1D83E01C1F8413E2009DF71E /* AZFBUserViewController.m in Sources */,
				1D83E0211F8413E2009DF71E /* AZFriendsView.m in Sources */,
				1D5D02791F813ACB00367A65 /* AZSquareViewController.m in Sources */,
				1D5D02AB1F813B1B00367A65 /* AZAssignReference.m in Sources */,
				1D5D02481F813A0000367A65 /* AZUsersModel.m in Sources */,
				1D5D01F41F81368800367A65 /* AZFBDownloadUserDetailsContext.m in Sources */,
				1D5D01F51F81368800367A65 /* AZFBLoginContext.m in Sources */,
				1D2BD6831F3124FA00641E23 /* NSString+AZRandomString.m in Sources */,
				1D5D02AD1F813B1B00367A65 /* AZTableViewCell.m in Sources */,
				1D5D02471F813A0000367A65 /* AZFBUsersModel.m in Sources */,
				1D83E01E1F8413E2009DF71E /* AZFriendView.m in Sources */,
				1D5D01F21F81368800367A65 /* AZContext.m in Sources */,
			);
			runOnlyForDeploymentPostprocessing = 0;
		};
/* End PBXSourcesBuildPhase section */

/* Begin PBXVariantGroup section */
		1D5B4A661F05B0E200E14BEA /* LaunchScreen.storyboard */ = {
			isa = PBXVariantGroup;
			children = (
				1D5B4A671F05B0E200E14BEA /* Base */,
			);
			name = LaunchScreen.storyboard;
			sourceTree = "<group>";
		};
		1D5B4A681F05B0E200E14BEA /* Main.storyboard */ = {
			isa = PBXVariantGroup;
			children = (
				1D5B4A691F05B0E200E14BEA /* Base */,
			);
			name = Main.storyboard;
			sourceTree = "<group>";
		};
/* End PBXVariantGroup section */

/* Begin XCBuildConfiguration section */
		1D5B4A571F05A93800E14BEA /* Debug */ = {
			isa = XCBuildConfiguration;
			buildSettings = {
				ALWAYS_SEARCH_USER_PATHS = NO;
				CLANG_ANALYZER_NONNULL = YES;
				CLANG_CXX_LANGUAGE_STANDARD = "gnu++0x";
				CLANG_CXX_LIBRARY = "libc++";
				CLANG_ENABLE_MODULES = YES;
				CLANG_ENABLE_OBJC_ARC = YES;
				CLANG_WARN_BOOL_CONVERSION = YES;
				CLANG_WARN_CONSTANT_CONVERSION = YES;
				CLANG_WARN_DIRECT_OBJC_ISA_USAGE = YES_ERROR;
				CLANG_WARN_DOCUMENTATION_COMMENTS = YES;
				CLANG_WARN_EMPTY_BODY = YES;
				CLANG_WARN_ENUM_CONVERSION = YES;
				CLANG_WARN_INFINITE_RECURSION = YES;
				CLANG_WARN_INT_CONVERSION = YES;
				CLANG_WARN_OBJC_ROOT_CLASS = YES_ERROR;
				CLANG_WARN_SUSPICIOUS_MOVE = YES;
				CLANG_WARN_UNREACHABLE_CODE = YES;
				CLANG_WARN__DUPLICATE_METHOD_MATCH = YES;
				"CODE_SIGN_IDENTITY[sdk=iphoneos*]" = "iPhone Developer";
				COPY_PHASE_STRIP = NO;
				DEBUG_INFORMATION_FORMAT = dwarf;
				ENABLE_STRICT_OBJC_MSGSEND = YES;
				ENABLE_TESTABILITY = YES;
				GCC_C_LANGUAGE_STANDARD = gnu99;
				GCC_DYNAMIC_NO_PIC = NO;
				GCC_NO_COMMON_BLOCKS = YES;
				GCC_OPTIMIZATION_LEVEL = 0;
				GCC_PREPROCESSOR_DEFINITIONS = (
					"DEBUG=1",
					"$(inherited)",
				);
				GCC_WARN_64_TO_32_BIT_CONVERSION = YES;
				GCC_WARN_ABOUT_RETURN_TYPE = YES_ERROR;
				GCC_WARN_UNDECLARED_SELECTOR = YES;
				GCC_WARN_UNINITIALIZED_AUTOS = YES_AGGRESSIVE;
				GCC_WARN_UNUSED_FUNCTION = YES;
				GCC_WARN_UNUSED_VARIABLE = YES;
				IPHONEOS_DEPLOYMENT_TARGET = 10.2;
				MTL_ENABLE_DEBUG_INFO = YES;
				ONLY_ACTIVE_ARCH = YES;
				SDKROOT = iphoneos;
			};
			name = Debug;
		};
		1D5B4A581F05A93800E14BEA /* Release */ = {
			isa = XCBuildConfiguration;
			buildSettings = {
				ALWAYS_SEARCH_USER_PATHS = NO;
				CLANG_ANALYZER_NONNULL = YES;
				CLANG_CXX_LANGUAGE_STANDARD = "gnu++0x";
				CLANG_CXX_LIBRARY = "libc++";
				CLANG_ENABLE_MODULES = YES;
				CLANG_ENABLE_OBJC_ARC = YES;
				CLANG_WARN_BOOL_CONVERSION = YES;
				CLANG_WARN_CONSTANT_CONVERSION = YES;
				CLANG_WARN_DIRECT_OBJC_ISA_USAGE = YES_ERROR;
				CLANG_WARN_DOCUMENTATION_COMMENTS = YES;
				CLANG_WARN_EMPTY_BODY = YES;
				CLANG_WARN_ENUM_CONVERSION = YES;
				CLANG_WARN_INFINITE_RECURSION = YES;
				CLANG_WARN_INT_CONVERSION = YES;
				CLANG_WARN_OBJC_ROOT_CLASS = YES_ERROR;
				CLANG_WARN_SUSPICIOUS_MOVE = YES;
				CLANG_WARN_UNREACHABLE_CODE = YES;
				CLANG_WARN__DUPLICATE_METHOD_MATCH = YES;
				"CODE_SIGN_IDENTITY[sdk=iphoneos*]" = "iPhone Developer";
				COPY_PHASE_STRIP = NO;
				DEBUG_INFORMATION_FORMAT = "dwarf-with-dsym";
				ENABLE_NS_ASSERTIONS = NO;
				ENABLE_STRICT_OBJC_MSGSEND = YES;
				GCC_C_LANGUAGE_STANDARD = gnu99;
				GCC_NO_COMMON_BLOCKS = YES;
				GCC_WARN_64_TO_32_BIT_CONVERSION = YES;
				GCC_WARN_ABOUT_RETURN_TYPE = YES_ERROR;
				GCC_WARN_UNDECLARED_SELECTOR = YES;
				GCC_WARN_UNINITIALIZED_AUTOS = YES_AGGRESSIVE;
				GCC_WARN_UNUSED_FUNCTION = YES;
				GCC_WARN_UNUSED_VARIABLE = YES;
				IPHONEOS_DEPLOYMENT_TARGET = 10.2;
				MTL_ENABLE_DEBUG_INFO = NO;
				SDKROOT = iphoneos;
				VALIDATE_PRODUCT = YES;
			};
			name = Release;
		};
		1D5B4A5A1F05A93800E14BEA /* Debug */ = {
			isa = XCBuildConfiguration;
			baseConfigurationReference = 4C0A4B828E3B838C82DF99A2 /* Pods-iOSApp.debug.xcconfig */;
			buildSettings = {
				ASSETCATALOG_COMPILER_APPICON_NAME = AppIcon;
				FRAMEWORK_SEARCH_PATHS = (
					"$(inherited)",
					"\"$(PLATFORM_DIR)/Developer/Library/Frameworks\"",
					"~/Documents/FacebookSDK/**",
				);
				INFOPLIST_FILE = iOSApp/Info.plist;
				IPHONEOS_DEPLOYMENT_TARGET = 10.1;
				LD_RUNPATH_SEARCH_PATHS = "$(inherited) @executable_path/Frameworks";
				OTHER_LDFLAGS = "";
				PRODUCT_BUNDLE_IDENTIFIER = idap.iOSApp;
				PRODUCT_NAME = "$(TARGET_NAME)";
			};
			name = Debug;
		};
		1D5B4A5B1F05A93800E14BEA /* Release */ = {
			isa = XCBuildConfiguration;
			baseConfigurationReference = BD4E0CAB0C936997215356FC /* Pods-iOSApp.release.xcconfig */;
			buildSettings = {
				ASSETCATALOG_COMPILER_APPICON_NAME = AppIcon;
				FRAMEWORK_SEARCH_PATHS = (
					"$(inherited)",
					"\"$(PLATFORM_DIR)/Developer/Library/Frameworks\"",
					"~/Documents/FacebookSDK/**",
				);
				INFOPLIST_FILE = iOSApp/Info.plist;
				IPHONEOS_DEPLOYMENT_TARGET = 10.1;
				LD_RUNPATH_SEARCH_PATHS = "$(inherited) @executable_path/Frameworks";
				OTHER_LDFLAGS = "";
				PRODUCT_BUNDLE_IDENTIFIER = idap.iOSApp;
				PRODUCT_NAME = "$(TARGET_NAME)";
			};
			name = Release;
		};
/* End XCBuildConfiguration section */

/* Begin XCConfigurationList section */
		1D5B4A3D1F05A93800E14BEA /* Build configuration list for PBXProject "iOSApp" */ = {
			isa = XCConfigurationList;
			buildConfigurations = (
				1D5B4A571F05A93800E14BEA /* Debug */,
				1D5B4A581F05A93800E14BEA /* Release */,
			);
			defaultConfigurationIsVisible = 0;
			defaultConfigurationName = Release;
		};
		1D5B4A591F05A93800E14BEA /* Build configuration list for PBXNativeTarget "iOSApp" */ = {
			isa = XCConfigurationList;
			buildConfigurations = (
				1D5B4A5A1F05A93800E14BEA /* Debug */,
				1D5B4A5B1F05A93800E14BEA /* Release */,
			);
			defaultConfigurationIsVisible = 0;
			defaultConfigurationName = Release;
		};
/* End XCConfigurationList section */
	};
	rootObject = 1D5B4A3A1F05A93800E14BEA /* Project object */;
}
